// !$*UTF8*$!
{
	archiveVersion = 1;
	classes = {
	};
	objectVersion = 56;
	objects = {

/* Begin PBXBuildFile section */
		FB0AA56A2B0BEBE1001AA316 /* TwoFingerPanView.swift in Sources */ = {isa = PBXBuildFile; fileRef = FB0AA5692B0BEBE1001AA316 /* TwoFingerPanView.swift */; };
		FB15DD272B07440700A21290 /* ViewWrapper.swift in Sources */ = {isa = PBXBuildFile; fileRef = FB15DD262B07440700A21290 /* ViewWrapper.swift */; };
		FB15DD2A2B07443600A21290 /* BoardEngineView.swift in Sources */ = {isa = PBXBuildFile; fileRef = FB15DD292B07443600A21290 /* BoardEngineView.swift */; };
		FB15DD2D2B0744A500A21290 /* CanvasEngineVM.swift in Sources */ = {isa = PBXBuildFile; fileRef = FB15DD2C2B0744A500A21290 /* CanvasEngineVM.swift */; };
		FB15DD302B0745DF00A21290 /* MenuBarIcon.swift in Sources */ = {isa = PBXBuildFile; fileRef = FB15DD2F2B0745DF00A21290 /* MenuBarIcon.swift */; };
		FB15DD322B07461500A21290 /* MenuBarWindow.swift in Sources */ = {isa = PBXBuildFile; fileRef = FB15DD312B07461500A21290 /* MenuBarWindow.swift */; };
		FB15DD342B074E6E00A21290 /* ChatUI.swift in Sources */ = {isa = PBXBuildFile; fileRef = FB15DD332B074E6E00A21290 /* ChatUI.swift */; };
		FB15DD362B074F5C00A21290 /* Chat.swift in Sources */ = {isa = PBXBuildFile; fileRef = FB15DD352B074F5C00A21290 /* Chat.swift */; };
		FB3E02A72B0C3A0C00D8558C /* SizeSlider.swift in Sources */ = {isa = PBXBuildFile; fileRef = FB3E02A62B0C3A0C00D8558C /* SizeSlider.swift */; };
		FB3E02A92B0C3B2C00D8558C /* RotationSlider.swift in Sources */ = {isa = PBXBuildFile; fileRef = FB3E02A82B0C3B2C00D8558C /* RotationSlider.swift */; };
		FB3E02AB2B0C3BFF00D8558C /* ColorSlider.swift in Sources */ = {isa = PBXBuildFile; fileRef = FB3E02AA2B0C3BFF00D8558C /* ColorSlider.swift */; };
		FB3E02AD2B0C3CAB00D8558C /* PopupMenu.swift in Sources */ = {isa = PBXBuildFile; fileRef = FB3E02AC2B0C3CAB00D8558C /* PopupMenu.swift */; };
		FB3E02AF2B0C6B1200D8558C /* SessionPlan.swift in Sources */ = {isa = PBXBuildFile; fileRef = FB3E02AE2B0C6B1200D8558C /* SessionPlan.swift */; };
		FB3E02B12B0C6B1D00D8558C /* ActivityPlan.swift in Sources */ = {isa = PBXBuildFile; fileRef = FB3E02B02B0C6B1D00D8558C /* ActivityPlan.swift */; };
		FB3E02B32B0C6B5100D8558C /* SessionPlanView.swift in Sources */ = {isa = PBXBuildFile; fileRef = FB3E02B22B0C6B5100D8558C /* SessionPlanView.swift */; };
		FB3E02B52B0C6B6000D8558C /* ActivityPlanView.swift in Sources */ = {isa = PBXBuildFile; fileRef = FB3E02B42B0C6B6000D8558C /* ActivityPlanView.swift */; };
		FB3E02B72B0C70D100D8558C /* InputField.swift in Sources */ = {isa = PBXBuildFile; fileRef = FB3E02B62B0C70D100D8558C /* InputField.swift */; };
		FB3E02B92B0C724A00D8558C /* BoardBgProvider.swift in Sources */ = {isa = PBXBuildFile; fileRef = FB3E02B82B0C724A00D8558C /* BoardBgProvider.swift */; };
		FB5094262B058215000AEA96 /* LazyRow.swift in Sources */ = {isa = PBXBuildFile; fileRef = FB5094252B058215000AEA96 /* LazyRow.swift */; };
		FB5094282B0584CA000AEA96 /* ManagedViewWindow.swift in Sources */ = {isa = PBXBuildFile; fileRef = FB5094272B0584CA000AEA96 /* ManagedViewWindow.swift */; };
		FB50942A2B05856D000AEA96 /* ManagedViewToolBar.swift in Sources */ = {isa = PBXBuildFile; fileRef = FB5094292B05856D000AEA96 /* ManagedViewToolBar.swift */; };
		FB58E8762B01F3D200FD9E2E /* FireParser.swift in Sources */ = {isa = PBXBuildFile; fileRef = FB58E8752B01F3D200FD9E2E /* FireParser.swift */; };
		FB58E8782B01F40300FD9E2E /* FireCore.swift in Sources */ = {isa = PBXBuildFile; fileRef = FB58E8772B01F40300FD9E2E /* FireCore.swift */; };
		FB58E87C2B02B1F100FD9E2E /* mvModifier.swift in Sources */ = {isa = PBXBuildFile; fileRef = FB58E87B2B02B1F000FD9E2E /* mvModifier.swift */; };
		FB58E87E2B02B21700FD9E2E /* CoreMods.swift in Sources */ = {isa = PBXBuildFile; fileRef = FB58E87D2B02B21700FD9E2E /* CoreMods.swift */; };
		FB58E8802B02B26C00FD9E2E /* DragAndDrop.swift in Sources */ = {isa = PBXBuildFile; fileRef = FB58E87F2B02B26C00FD9E2E /* DragAndDrop.swift */; };
		FB58E8822B030F1D00FD9E2E /* RealmFind.swift in Sources */ = {isa = PBXBuildFile; fileRef = FB58E8812B030F1D00FD9E2E /* RealmFind.swift */; };
		FB58E8842B03169700FD9E2E /* TimeProvider.swift in Sources */ = {isa = PBXBuildFile; fileRef = FB58E8832B03169700FD9E2E /* TimeProvider.swift */; };
		FB58E8892B03394700FD9E2E /* FirebaseAnalytics in Frameworks */ = {isa = PBXBuildFile; productRef = FB58E8882B03394700FD9E2E /* FirebaseAnalytics */; };
		FB58E88B2B03394700FD9E2E /* FirebaseAnalyticsOnDeviceConversion in Frameworks */ = {isa = PBXBuildFile; productRef = FB58E88A2B03394700FD9E2E /* FirebaseAnalyticsOnDeviceConversion */; };
		FB58E88D2B03394700FD9E2E /* FirebaseAnalyticsSwift in Frameworks */ = {isa = PBXBuildFile; productRef = FB58E88C2B03394700FD9E2E /* FirebaseAnalyticsSwift */; };
		FB58E88F2B03394700FD9E2E /* FirebaseAnalyticsWithoutAdIdSupport in Frameworks */ = {isa = PBXBuildFile; productRef = FB58E88E2B03394700FD9E2E /* FirebaseAnalyticsWithoutAdIdSupport */; };
		FB58E8912B03394700FD9E2E /* FirebaseAppCheck in Frameworks */ = {isa = PBXBuildFile; productRef = FB58E8902B03394700FD9E2E /* FirebaseAppCheck */; };
		FB58E8932B03394700FD9E2E /* FirebaseAppDistribution-Beta in Frameworks */ = {isa = PBXBuildFile; productRef = FB58E8922B03394700FD9E2E /* FirebaseAppDistribution-Beta */; };
		FB58E8952B03394700FD9E2E /* FirebaseAuth in Frameworks */ = {isa = PBXBuildFile; productRef = FB58E8942B03394700FD9E2E /* FirebaseAuth */; };
		FB58E8972B03394700FD9E2E /* FirebaseAuthCombine-Community in Frameworks */ = {isa = PBXBuildFile; productRef = FB58E8962B03394700FD9E2E /* FirebaseAuthCombine-Community */; };
		FB58E8992B03394700FD9E2E /* FirebaseCrashlytics in Frameworks */ = {isa = PBXBuildFile; productRef = FB58E8982B03394700FD9E2E /* FirebaseCrashlytics */; };
		FB58E89B2B03394700FD9E2E /* FirebaseDatabase in Frameworks */ = {isa = PBXBuildFile; productRef = FB58E89A2B03394700FD9E2E /* FirebaseDatabase */; };
		FB58E89D2B03394700FD9E2E /* FirebaseDatabaseSwift in Frameworks */ = {isa = PBXBuildFile; productRef = FB58E89C2B03394700FD9E2E /* FirebaseDatabaseSwift */; };
		FB58E89F2B03394700FD9E2E /* FirebaseDynamicLinks in Frameworks */ = {isa = PBXBuildFile; productRef = FB58E89E2B03394700FD9E2E /* FirebaseDynamicLinks */; };
		FB58E8A12B03394700FD9E2E /* FirebaseFirestore in Frameworks */ = {isa = PBXBuildFile; productRef = FB58E8A02B03394700FD9E2E /* FirebaseFirestore */; };
		FB58E8A32B03394700FD9E2E /* FirebaseFirestoreCombine-Community in Frameworks */ = {isa = PBXBuildFile; productRef = FB58E8A22B03394700FD9E2E /* FirebaseFirestoreCombine-Community */; };
		FB58E8A52B03394700FD9E2E /* FirebaseFirestoreSwift in Frameworks */ = {isa = PBXBuildFile; productRef = FB58E8A42B03394700FD9E2E /* FirebaseFirestoreSwift */; };
		FB58E8A72B03394700FD9E2E /* FirebaseFunctions in Frameworks */ = {isa = PBXBuildFile; productRef = FB58E8A62B03394700FD9E2E /* FirebaseFunctions */; };
		FB58E8A92B03394700FD9E2E /* FirebaseFunctionsCombine-Community in Frameworks */ = {isa = PBXBuildFile; productRef = FB58E8A82B03394700FD9E2E /* FirebaseFunctionsCombine-Community */; };
		FB58E8AB2B03394700FD9E2E /* FirebaseInAppMessaging-Beta in Frameworks */ = {isa = PBXBuildFile; productRef = FB58E8AA2B03394700FD9E2E /* FirebaseInAppMessaging-Beta */; };
		FB58E8AD2B03394700FD9E2E /* FirebaseInAppMessagingSwift-Beta in Frameworks */ = {isa = PBXBuildFile; productRef = FB58E8AC2B03394700FD9E2E /* FirebaseInAppMessagingSwift-Beta */; };
		FB58E8AF2B03394700FD9E2E /* FirebaseInstallations in Frameworks */ = {isa = PBXBuildFile; productRef = FB58E8AE2B03394700FD9E2E /* FirebaseInstallations */; };
		FB58E8B12B03394700FD9E2E /* FirebaseMLModelDownloader in Frameworks */ = {isa = PBXBuildFile; productRef = FB58E8B02B03394700FD9E2E /* FirebaseMLModelDownloader */; };
		FB58E8B32B03394700FD9E2E /* FirebaseMessaging in Frameworks */ = {isa = PBXBuildFile; productRef = FB58E8B22B03394700FD9E2E /* FirebaseMessaging */; };
		FB58E8B52B03394700FD9E2E /* FirebasePerformance in Frameworks */ = {isa = PBXBuildFile; productRef = FB58E8B42B03394700FD9E2E /* FirebasePerformance */; };
		FB58E8B72B03394700FD9E2E /* FirebaseRemoteConfig in Frameworks */ = {isa = PBXBuildFile; productRef = FB58E8B62B03394700FD9E2E /* FirebaseRemoteConfig */; };
		FB58E8B92B03394700FD9E2E /* FirebaseRemoteConfigSwift in Frameworks */ = {isa = PBXBuildFile; productRef = FB58E8B82B03394700FD9E2E /* FirebaseRemoteConfigSwift */; };
		FB58E8BB2B03394700FD9E2E /* FirebaseStorage in Frameworks */ = {isa = PBXBuildFile; productRef = FB58E8BA2B03394700FD9E2E /* FirebaseStorage */; };
		FB58E8BD2B03394700FD9E2E /* FirebaseStorageCombine-Community in Frameworks */ = {isa = PBXBuildFile; productRef = FB58E8BC2B03394700FD9E2E /* FirebaseStorageCombine-Community */; };
		FB93BB172B033E2000864CB2 /* GoogleService-Info.plist in Resources */ = {isa = PBXBuildFile; fileRef = FB93BB162B033E2000864CB2 /* GoogleService-Info.plist */; };
		FB93BB1B2B03471C00864CB2 /* FireData.swift in Sources */ = {isa = PBXBuildFile; fileRef = FB93BB1A2B03471C00864CB2 /* FireData.swift */; };
		FBB450002B04B7580096F8EB /* ColorProvider.swift in Sources */ = {isa = PBXBuildFile; fileRef = FBB44FFF2B04B7580096F8EB /* ColorProvider.swift */; };
		FBB450022B052B180096F8EB /* FireLiveData.swift in Sources */ = {isa = PBXBuildFile; fileRef = FBB450012B052B180096F8EB /* FireLiveData.swift */; };
		FBD9AFA82AFF00BF005F8620 /* LudiBoardsApp.swift in Sources */ = {isa = PBXBuildFile; fileRef = FBD9AFA72AFF00BF005F8620 /* LudiBoardsApp.swift */; };
		FBD9AFAA2AFF00BF005F8620 /* ContentView.swift in Sources */ = {isa = PBXBuildFile; fileRef = FBD9AFA92AFF00BF005F8620 /* ContentView.swift */; };
		FBD9AFAC2AFF00BF005F8620 /* Assets.xcassets in Resources */ = {isa = PBXBuildFile; fileRef = FBD9AFAB2AFF00BF005F8620 /* Assets.xcassets */; };
		FBD9AFAF2AFF00BF005F8620 /* Preview Assets.xcassets in Resources */ = {isa = PBXBuildFile; fileRef = FBD9AFAE2AFF00BF005F8620 /* Preview Assets.xcassets */; };
		FBD9AFB82AFF0253005F8620 /* GridLines.swift in Sources */ = {isa = PBXBuildFile; fileRef = FBD9AFB72AFF0253005F8620 /* GridLines.swift */; };
		FBD9AFBA2AFF03D7005F8620 /* CanvasEngine.swift in Sources */ = {isa = PBXBuildFile; fileRef = FBD9AFB92AFF03D7005F8620 /* CanvasEngine.swift */; };
		FBD9AFBC2AFF56C2005F8620 /* BoardEngineVM.swift in Sources */ = {isa = PBXBuildFile; fileRef = FBD9AFBB2AFF56C2005F8620 /* BoardEngineVM.swift */; };
		FBD9AFC02B00817A005F8620 /* ManagedView.swift in Sources */ = {isa = PBXBuildFile; fileRef = FBD9AFBF2B00817A005F8620 /* ManagedView.swift */; };
		FBD9AFC22B0081C1005F8620 /* RealmInstance.swift in Sources */ = {isa = PBXBuildFile; fileRef = FBD9AFC12B0081C1005F8620 /* RealmInstance.swift */; };
		FBD9AFC52B008221005F8620 /* Realm in Frameworks */ = {isa = PBXBuildFile; productRef = FBD9AFC42B008221005F8620 /* Realm */; };
		FBD9AFC72B008221005F8620 /* RealmSwift in Frameworks */ = {isa = PBXBuildFile; productRef = FBD9AFC62B008221005F8620 /* RealmSwift */; };
		FBD9AFC92B008435005F8620 /* ManagedViewAction.swift in Sources */ = {isa = PBXBuildFile; fileRef = FBD9AFC82B008435005F8620 /* ManagedViewAction.swift */; };
		FBD9AFCB2B00843F005F8620 /* BoardSession.swift in Sources */ = {isa = PBXBuildFile; fileRef = FBD9AFCA2B00843F005F8620 /* BoardSession.swift */; };
		FBD9AFCD2B008457005F8620 /* UserToBoard.swift in Sources */ = {isa = PBXBuildFile; fileRef = FBD9AFCC2B008457005F8620 /* UserToBoard.swift */; };
		FBD9AFD22B008CAB005F8620 /* MenuBarProvider.swift in Sources */ = {isa = PBXBuildFile; fileRef = FBD9AFD12B008CAB005F8620 /* MenuBarProvider.swift */; };
		FBD9AFD52B008F6F005F8620 /* Channels.swift in Sources */ = {isa = PBXBuildFile; fileRef = FBD9AFD42B008F6F005F8620 /* Channels.swift */; };
		FBD9AFD72B00BB8F005F8620 /* ManagedViewBoardTool.swift in Sources */ = {isa = PBXBuildFile; fileRef = FBD9AFD62B00BB8F005F8620 /* ManagedViewBoardTool.swift */; };
		FBD9AFD92B01CB91005F8620 /* SoccerToolProvider.swift in Sources */ = {isa = PBXBuildFile; fileRef = FBD9AFD82B01CB91005F8620 /* SoccerToolProvider.swift */; };
/* End PBXBuildFile section */

/* Begin PBXFileReference section */
		FB0AA5692B0BEBE1001AA316 /* TwoFingerPanView.swift */ = {isa = PBXFileReference; lastKnownFileType = sourcecode.swift; path = TwoFingerPanView.swift; sourceTree = "<group>"; };
		FB15DD262B07440700A21290 /* ViewWrapper.swift */ = {isa = PBXFileReference; lastKnownFileType = sourcecode.swift; path = ViewWrapper.swift; sourceTree = "<group>"; };
		FB15DD292B07443600A21290 /* BoardEngineView.swift */ = {isa = PBXFileReference; lastKnownFileType = sourcecode.swift; path = BoardEngineView.swift; sourceTree = "<group>"; };
		FB15DD2C2B0744A500A21290 /* CanvasEngineVM.swift */ = {isa = PBXFileReference; lastKnownFileType = sourcecode.swift; path = CanvasEngineVM.swift; sourceTree = "<group>"; };
		FB15DD2F2B0745DF00A21290 /* MenuBarIcon.swift */ = {isa = PBXFileReference; lastKnownFileType = sourcecode.swift; path = MenuBarIcon.swift; sourceTree = "<group>"; };
		FB15DD312B07461500A21290 /* MenuBarWindow.swift */ = {isa = PBXFileReference; lastKnownFileType = sourcecode.swift; path = MenuBarWindow.swift; sourceTree = "<group>"; };
		FB15DD332B074E6E00A21290 /* ChatUI.swift */ = {isa = PBXFileReference; lastKnownFileType = sourcecode.swift; path = ChatUI.swift; sourceTree = "<group>"; };
		FB15DD352B074F5C00A21290 /* Chat.swift */ = {isa = PBXFileReference; lastKnownFileType = sourcecode.swift; path = Chat.swift; sourceTree = "<group>"; };
		FB3E02A62B0C3A0C00D8558C /* SizeSlider.swift */ = {isa = PBXFileReference; lastKnownFileType = sourcecode.swift; path = SizeSlider.swift; sourceTree = "<group>"; };
		FB3E02A82B0C3B2C00D8558C /* RotationSlider.swift */ = {isa = PBXFileReference; lastKnownFileType = sourcecode.swift; path = RotationSlider.swift; sourceTree = "<group>"; };
		FB3E02AA2B0C3BFF00D8558C /* ColorSlider.swift */ = {isa = PBXFileReference; lastKnownFileType = sourcecode.swift; path = ColorSlider.swift; sourceTree = "<group>"; };
		FB3E02AC2B0C3CAB00D8558C /* PopupMenu.swift */ = {isa = PBXFileReference; lastKnownFileType = sourcecode.swift; path = PopupMenu.swift; sourceTree = "<group>"; };
		FB3E02AE2B0C6B1200D8558C /* SessionPlan.swift */ = {isa = PBXFileReference; lastKnownFileType = sourcecode.swift; path = SessionPlan.swift; sourceTree = "<group>"; };
		FB3E02B02B0C6B1D00D8558C /* ActivityPlan.swift */ = {isa = PBXFileReference; lastKnownFileType = sourcecode.swift; path = ActivityPlan.swift; sourceTree = "<group>"; };
		FB3E02B22B0C6B5100D8558C /* SessionPlanView.swift */ = {isa = PBXFileReference; lastKnownFileType = sourcecode.swift; path = SessionPlanView.swift; sourceTree = "<group>"; };
		FB3E02B42B0C6B6000D8558C /* ActivityPlanView.swift */ = {isa = PBXFileReference; lastKnownFileType = sourcecode.swift; path = ActivityPlanView.swift; sourceTree = "<group>"; };
		FB3E02B62B0C70D100D8558C /* InputField.swift */ = {isa = PBXFileReference; lastKnownFileType = sourcecode.swift; path = InputField.swift; sourceTree = "<group>"; };
		FB3E02B82B0C724A00D8558C /* BoardBgProvider.swift */ = {isa = PBXFileReference; lastKnownFileType = sourcecode.swift; path = BoardBgProvider.swift; sourceTree = "<group>"; };
		FB5094252B058215000AEA96 /* LazyRow.swift */ = {isa = PBXFileReference; lastKnownFileType = sourcecode.swift; path = LazyRow.swift; sourceTree = "<group>"; };
		FB5094272B0584CA000AEA96 /* ManagedViewWindow.swift */ = {isa = PBXFileReference; lastKnownFileType = sourcecode.swift; path = ManagedViewWindow.swift; sourceTree = "<group>"; };
		FB5094292B05856D000AEA96 /* ManagedViewToolBar.swift */ = {isa = PBXFileReference; lastKnownFileType = sourcecode.swift; path = ManagedViewToolBar.swift; sourceTree = "<group>"; };
		FB58E8752B01F3D200FD9E2E /* FireParser.swift */ = {isa = PBXFileReference; lastKnownFileType = sourcecode.swift; path = FireParser.swift; sourceTree = "<group>"; };
		FB58E8772B01F40300FD9E2E /* FireCore.swift */ = {isa = PBXFileReference; lastKnownFileType = sourcecode.swift; path = FireCore.swift; sourceTree = "<group>"; };
		FB58E87B2B02B1F000FD9E2E /* mvModifier.swift */ = {isa = PBXFileReference; lastKnownFileType = sourcecode.swift; path = mvModifier.swift; sourceTree = "<group>"; };
		FB58E87D2B02B21700FD9E2E /* CoreMods.swift */ = {isa = PBXFileReference; lastKnownFileType = sourcecode.swift; path = CoreMods.swift; sourceTree = "<group>"; };
		FB58E87F2B02B26C00FD9E2E /* DragAndDrop.swift */ = {isa = PBXFileReference; lastKnownFileType = sourcecode.swift; path = DragAndDrop.swift; sourceTree = "<group>"; };
		FB58E8812B030F1D00FD9E2E /* RealmFind.swift */ = {isa = PBXFileReference; lastKnownFileType = sourcecode.swift; path = RealmFind.swift; sourceTree = "<group>"; };
		FB58E8832B03169700FD9E2E /* TimeProvider.swift */ = {isa = PBXFileReference; lastKnownFileType = sourcecode.swift; path = TimeProvider.swift; sourceTree = "<group>"; };
		FB93BB162B033E2000864CB2 /* GoogleService-Info.plist */ = {isa = PBXFileReference; lastKnownFileType = text.plist; path = "GoogleService-Info.plist"; sourceTree = SOURCE_ROOT; };
		FB93BB1A2B03471C00864CB2 /* FireData.swift */ = {isa = PBXFileReference; lastKnownFileType = sourcecode.swift; path = FireData.swift; sourceTree = "<group>"; };
		FBB44FFF2B04B7580096F8EB /* ColorProvider.swift */ = {isa = PBXFileReference; lastKnownFileType = sourcecode.swift; path = ColorProvider.swift; sourceTree = "<group>"; };
		FBB450012B052B180096F8EB /* FireLiveData.swift */ = {isa = PBXFileReference; lastKnownFileType = sourcecode.swift; path = FireLiveData.swift; sourceTree = "<group>"; };
		FBD9AFA42AFF00BF005F8620 /* Ludi Boards.app */ = {isa = PBXFileReference; explicitFileType = wrapper.application; includeInIndex = 0; path = "Ludi Boards.app"; sourceTree = BUILT_PRODUCTS_DIR; };
		FBD9AFA72AFF00BF005F8620 /* LudiBoardsApp.swift */ = {isa = PBXFileReference; lastKnownFileType = sourcecode.swift; path = LudiBoardsApp.swift; sourceTree = "<group>"; };
		FBD9AFA92AFF00BF005F8620 /* ContentView.swift */ = {isa = PBXFileReference; lastKnownFileType = sourcecode.swift; path = ContentView.swift; sourceTree = "<group>"; };
		FBD9AFAB2AFF00BF005F8620 /* Assets.xcassets */ = {isa = PBXFileReference; lastKnownFileType = folder.assetcatalog; path = Assets.xcassets; sourceTree = "<group>"; };
		FBD9AFAE2AFF00BF005F8620 /* Preview Assets.xcassets */ = {isa = PBXFileReference; lastKnownFileType = folder.assetcatalog; path = "Preview Assets.xcassets"; sourceTree = "<group>"; };
		FBD9AFB72AFF0253005F8620 /* GridLines.swift */ = {isa = PBXFileReference; lastKnownFileType = sourcecode.swift; path = GridLines.swift; sourceTree = "<group>"; };
		FBD9AFB92AFF03D7005F8620 /* CanvasEngine.swift */ = {isa = PBXFileReference; lastKnownFileType = sourcecode.swift; path = CanvasEngine.swift; sourceTree = "<group>"; };
		FBD9AFBB2AFF56C2005F8620 /* BoardEngineVM.swift */ = {isa = PBXFileReference; lastKnownFileType = sourcecode.swift; path = BoardEngineVM.swift; sourceTree = "<group>"; };
		FBD9AFBF2B00817A005F8620 /* ManagedView.swift */ = {isa = PBXFileReference; lastKnownFileType = sourcecode.swift; path = ManagedView.swift; sourceTree = "<group>"; };
		FBD9AFC12B0081C1005F8620 /* RealmInstance.swift */ = {isa = PBXFileReference; lastKnownFileType = sourcecode.swift; path = RealmInstance.swift; sourceTree = "<group>"; };
		FBD9AFC82B008435005F8620 /* ManagedViewAction.swift */ = {isa = PBXFileReference; lastKnownFileType = sourcecode.swift; path = ManagedViewAction.swift; sourceTree = "<group>"; };
		FBD9AFCA2B00843F005F8620 /* BoardSession.swift */ = {isa = PBXFileReference; lastKnownFileType = sourcecode.swift; path = BoardSession.swift; sourceTree = "<group>"; };
		FBD9AFCC2B008457005F8620 /* UserToBoard.swift */ = {isa = PBXFileReference; lastKnownFileType = sourcecode.swift; path = UserToBoard.swift; sourceTree = "<group>"; };
		FBD9AFD12B008CAB005F8620 /* MenuBarProvider.swift */ = {isa = PBXFileReference; lastKnownFileType = sourcecode.swift; path = MenuBarProvider.swift; sourceTree = "<group>"; };
		FBD9AFD42B008F6F005F8620 /* Channels.swift */ = {isa = PBXFileReference; lastKnownFileType = sourcecode.swift; path = Channels.swift; sourceTree = "<group>"; };
		FBD9AFD62B00BB8F005F8620 /* ManagedViewBoardTool.swift */ = {isa = PBXFileReference; lastKnownFileType = sourcecode.swift; path = ManagedViewBoardTool.swift; sourceTree = "<group>"; };
		FBD9AFD82B01CB91005F8620 /* SoccerToolProvider.swift */ = {isa = PBXFileReference; lastKnownFileType = sourcecode.swift; path = SoccerToolProvider.swift; sourceTree = "<group>"; };
/* End PBXFileReference section */

/* Begin PBXFrameworksBuildPhase section */
		FBD9AFA12AFF00BF005F8620 /* Frameworks */ = {
			isa = PBXFrameworksBuildPhase;
			buildActionMask = 2147483647;
			files = (
				FB58E8AD2B03394700FD9E2E /* FirebaseInAppMessagingSwift-Beta in Frameworks */,
				FB58E89D2B03394700FD9E2E /* FirebaseDatabaseSwift in Frameworks */,
				FB58E89B2B03394700FD9E2E /* FirebaseDatabase in Frameworks */,
				FB58E8B12B03394700FD9E2E /* FirebaseMLModelDownloader in Frameworks */,
				FB58E8912B03394700FD9E2E /* FirebaseAppCheck in Frameworks */,
				FB58E8A92B03394700FD9E2E /* FirebaseFunctionsCombine-Community in Frameworks */,
				FB58E8AF2B03394700FD9E2E /* FirebaseInstallations in Frameworks */,
				FB58E8B32B03394700FD9E2E /* FirebaseMessaging in Frameworks */,
				FB58E8952B03394700FD9E2E /* FirebaseAuth in Frameworks */,
				FB58E8B72B03394700FD9E2E /* FirebaseRemoteConfig in Frameworks */,
				FB58E88D2B03394700FD9E2E /* FirebaseAnalyticsSwift in Frameworks */,
				FB58E8BB2B03394700FD9E2E /* FirebaseStorage in Frameworks */,
				FB58E8B52B03394700FD9E2E /* FirebasePerformance in Frameworks */,
				FB58E8A12B03394700FD9E2E /* FirebaseFirestore in Frameworks */,
				FBD9AFC72B008221005F8620 /* RealmSwift in Frameworks */,
				FB58E8AB2B03394700FD9E2E /* FirebaseInAppMessaging-Beta in Frameworks */,
				FBD9AFC52B008221005F8620 /* Realm in Frameworks */,
				FB58E88B2B03394700FD9E2E /* FirebaseAnalyticsOnDeviceConversion in Frameworks */,
				FB58E8B92B03394700FD9E2E /* FirebaseRemoteConfigSwift in Frameworks */,
				FB58E8972B03394700FD9E2E /* FirebaseAuthCombine-Community in Frameworks */,
				FB58E8A72B03394700FD9E2E /* FirebaseFunctions in Frameworks */,
				FB58E88F2B03394700FD9E2E /* FirebaseAnalyticsWithoutAdIdSupport in Frameworks */,
				FB58E8BD2B03394700FD9E2E /* FirebaseStorageCombine-Community in Frameworks */,
				FB58E8A32B03394700FD9E2E /* FirebaseFirestoreCombine-Community in Frameworks */,
				FB58E8892B03394700FD9E2E /* FirebaseAnalytics in Frameworks */,
				FB58E8992B03394700FD9E2E /* FirebaseCrashlytics in Frameworks */,
				FB58E8932B03394700FD9E2E /* FirebaseAppDistribution-Beta in Frameworks */,
				FB58E89F2B03394700FD9E2E /* FirebaseDynamicLinks in Frameworks */,
				FB58E8A52B03394700FD9E2E /* FirebaseFirestoreSwift in Frameworks */,
			);
			runOnlyForDeploymentPostprocessing = 0;
		};
/* End PBXFrameworksBuildPhase section */

/* Begin PBXGroup section */
		FB0AA5682B0BEBD3001AA316 /* Gestures */ = {
			isa = PBXGroup;
			children = (
				FB0AA5692B0BEBE1001AA316 /* TwoFingerPanView.swift */,
			);
			path = Gestures;
			sourceTree = "<group>";
		};
		FB15DD282B07442600A21290 /* BoardEngine */ = {
			isa = PBXGroup;
			children = (
				FBD9AFBB2AFF56C2005F8620 /* BoardEngineVM.swift */,
				FB15DD292B07443600A21290 /* BoardEngineView.swift */,
				FB3E02A62B0C3A0C00D8558C /* SizeSlider.swift */,
				FB3E02A82B0C3B2C00D8558C /* RotationSlider.swift */,
				FB3E02AA2B0C3BFF00D8558C /* ColorSlider.swift */,
				FB3E02AC2B0C3CAB00D8558C /* PopupMenu.swift */,
			);
			path = BoardEngine;
			sourceTree = "<group>";
		};
		FB15DD2B2B07448B00A21290 /* CanvasEngine */ = {
			isa = PBXGroup;
			children = (
				FB0AA5682B0BEBD3001AA316 /* Gestures */,
				FB15DD2E2B0745C900A21290 /* MenuBar */,
				FBD9AFB92AFF03D7005F8620 /* CanvasEngine.swift */,
				FB15DD2C2B0744A500A21290 /* CanvasEngineVM.swift */,
			);
			path = CanvasEngine;
			sourceTree = "<group>";
		};
		FB15DD2E2B0745C900A21290 /* MenuBar */ = {
			isa = PBXGroup;
			children = (
				FBD9AFD12B008CAB005F8620 /* MenuBarProvider.swift */,
				FB15DD2F2B0745DF00A21290 /* MenuBarIcon.swift */,
				FB15DD312B07461500A21290 /* MenuBarWindow.swift */,
			);
			path = MenuBar;
			sourceTree = "<group>";
		};
		FB5094242B05820B000AEA96 /* views */ = {
			isa = PBXGroup;
			children = (
				FB5094252B058215000AEA96 /* LazyRow.swift */,
				FB15DD262B07440700A21290 /* ViewWrapper.swift */,
				FB15DD332B074E6E00A21290 /* ChatUI.swift */,
				FB3E02B22B0C6B5100D8558C /* SessionPlanView.swift */,
				FB3E02B42B0C6B6000D8558C /* ActivityPlanView.swift */,
				FB3E02B62B0C70D100D8558C /* InputField.swift */,
			);
			path = views;
			sourceTree = "<group>";
		};
		FB58E8792B01F59700FD9E2E /* models */ = {
			isa = PBXGroup;
			children = (
				FBD9AFC82B008435005F8620 /* ManagedViewAction.swift */,
				FBD9AFCC2B008457005F8620 /* UserToBoard.swift */,
				FBD9AFCA2B00843F005F8620 /* BoardSession.swift */,
				FBD9AFBF2B00817A005F8620 /* ManagedView.swift */,
				FB15DD352B074F5C00A21290 /* Chat.swift */,
				FB3E02AE2B0C6B1200D8558C /* SessionPlan.swift */,
				FB3E02B02B0C6B1D00D8558C /* ActivityPlan.swift */,
			);
			path = models;
			sourceTree = "<group>";
		};
		FB58E87A2B02B1E200FD9E2E /* modifiers */ = {
			isa = PBXGroup;
			children = (
				FB58E87B2B02B1F000FD9E2E /* mvModifier.swift */,
				FB58E87F2B02B26C00FD9E2E /* DragAndDrop.swift */,
				FB58E87D2B02B21700FD9E2E /* CoreMods.swift */,
			);
			path = modifiers;
			sourceTree = "<group>";
		};
		FBD9AF9B2AFF00BE005F8620 = {
			isa = PBXGroup;
			children = (
				FBD9AFA62AFF00BF005F8620 /* Ludi Boards */,
				FBD9AFA52AFF00BF005F8620 /* Products */,
			);
			sourceTree = "<group>";
		};
		FBD9AFA52AFF00BF005F8620 /* Products */ = {
			isa = PBXGroup;
			children = (
				FBD9AFA42AFF00BF005F8620 /* Ludi Boards.app */,
			);
			name = Products;
			sourceTree = "<group>";
		};
		FBD9AFA62AFF00BF005F8620 /* Ludi Boards */ = {
			isa = PBXGroup;
			children = (
				FB15DD2B2B07448B00A21290 /* CanvasEngine */,
				FB15DD282B07442600A21290 /* BoardEngine */,
				FB5094242B05820B000AEA96 /* views */,
				FB93BB162B033E2000864CB2 /* GoogleService-Info.plist */,
				FBD9AFD32B008F5C005F8620 /* Providers */,
				FBD9AFCE2B008A6C005F8620 /* ManagedViews */,
				FBD9AFBE2B008167005F8620 /* Firebase */,
				FBD9AFBD2B008159005F8620 /* Realm */,
				FBD9AFA72AFF00BF005F8620 /* LudiBoardsApp.swift */,
				FBD9AFA92AFF00BF005F8620 /* ContentView.swift */,
				FBD9AFAB2AFF00BF005F8620 /* Assets.xcassets */,
				FBD9AFAD2AFF00BF005F8620 /* Preview Content */,
				FBD9AFB72AFF0253005F8620 /* GridLines.swift */,
			);
			path = "Ludi Boards";
			sourceTree = "<group>";
		};
		FBD9AFAD2AFF00BF005F8620 /* Preview Content */ = {
			isa = PBXGroup;
			children = (
				FBD9AFAE2AFF00BF005F8620 /* Preview Assets.xcassets */,
			);
			path = "Preview Content";
			sourceTree = "<group>";
		};
		FBD9AFBD2B008159005F8620 /* Realm */ = {
			isa = PBXGroup;
			children = (
				FB58E8792B01F59700FD9E2E /* models */,
				FBD9AFC12B0081C1005F8620 /* RealmInstance.swift */,
				FB58E8812B030F1D00FD9E2E /* RealmFind.swift */,
			);
			path = Realm;
			sourceTree = "<group>";
		};
		FBD9AFBE2B008167005F8620 /* Firebase */ = {
			isa = PBXGroup;
			children = (
				FB58E8752B01F3D200FD9E2E /* FireParser.swift */,
				FB58E8772B01F40300FD9E2E /* FireCore.swift */,
				FB93BB1A2B03471C00864CB2 /* FireData.swift */,
				FBB450012B052B180096F8EB /* FireLiveData.swift */,
			);
			path = Firebase;
			sourceTree = "<group>";
		};
		FBD9AFCE2B008A6C005F8620 /* ManagedViews */ = {
			isa = PBXGroup;
			children = (
				FB58E87A2B02B1E200FD9E2E /* modifiers */,
				FBD9AFD62B00BB8F005F8620 /* ManagedViewBoardTool.swift */,
				FB5094292B05856D000AEA96 /* ManagedViewToolBar.swift */,
				FB5094272B0584CA000AEA96 /* ManagedViewWindow.swift */,
			);
			path = ManagedViews;
			sourceTree = "<group>";
		};
		FBD9AFD32B008F5C005F8620 /* Providers */ = {
			isa = PBXGroup;
			children = (
				FBD9AFD42B008F6F005F8620 /* Channels.swift */,
				FBD9AFD82B01CB91005F8620 /* SoccerToolProvider.swift */,
				FB58E8832B03169700FD9E2E /* TimeProvider.swift */,
				FBB44FFF2B04B7580096F8EB /* ColorProvider.swift */,
				FB3E02B82B0C724A00D8558C /* BoardBgProvider.swift */,
			);
			path = Providers;
			sourceTree = "<group>";
		};
/* End PBXGroup section */

/* Begin PBXNativeTarget section */
		FBD9AFA32AFF00BF005F8620 /* Ludi Boards */ = {
			isa = PBXNativeTarget;
			buildConfigurationList = FBD9AFB22AFF00BF005F8620 /* Build configuration list for PBXNativeTarget "Ludi Boards" */;
			buildPhases = (
				FBD9AFA02AFF00BF005F8620 /* Sources */,
				FBD9AFA12AFF00BF005F8620 /* Frameworks */,
				FBD9AFA22AFF00BF005F8620 /* Resources */,
			);
			buildRules = (
			);
			dependencies = (
			);
			name = "Ludi Boards";
			packageProductDependencies = (
				FBD9AFC42B008221005F8620 /* Realm */,
				FBD9AFC62B008221005F8620 /* RealmSwift */,
				FB58E8882B03394700FD9E2E /* FirebaseAnalytics */,
				FB58E88A2B03394700FD9E2E /* FirebaseAnalyticsOnDeviceConversion */,
				FB58E88C2B03394700FD9E2E /* FirebaseAnalyticsSwift */,
				FB58E88E2B03394700FD9E2E /* FirebaseAnalyticsWithoutAdIdSupport */,
				FB58E8902B03394700FD9E2E /* FirebaseAppCheck */,
				FB58E8922B03394700FD9E2E /* FirebaseAppDistribution-Beta */,
				FB58E8942B03394700FD9E2E /* FirebaseAuth */,
				FB58E8962B03394700FD9E2E /* FirebaseAuthCombine-Community */,
				FB58E8982B03394700FD9E2E /* FirebaseCrashlytics */,
				FB58E89A2B03394700FD9E2E /* FirebaseDatabase */,
				FB58E89C2B03394700FD9E2E /* FirebaseDatabaseSwift */,
				FB58E89E2B03394700FD9E2E /* FirebaseDynamicLinks */,
				FB58E8A02B03394700FD9E2E /* FirebaseFirestore */,
				FB58E8A22B03394700FD9E2E /* FirebaseFirestoreCombine-Community */,
				FB58E8A42B03394700FD9E2E /* FirebaseFirestoreSwift */,
				FB58E8A62B03394700FD9E2E /* FirebaseFunctions */,
				FB58E8A82B03394700FD9E2E /* FirebaseFunctionsCombine-Community */,
				FB58E8AA2B03394700FD9E2E /* FirebaseInAppMessaging-Beta */,
				FB58E8AC2B03394700FD9E2E /* FirebaseInAppMessagingSwift-Beta */,
				FB58E8AE2B03394700FD9E2E /* FirebaseInstallations */,
				FB58E8B02B03394700FD9E2E /* FirebaseMLModelDownloader */,
				FB58E8B22B03394700FD9E2E /* FirebaseMessaging */,
				FB58E8B42B03394700FD9E2E /* FirebasePerformance */,
				FB58E8B62B03394700FD9E2E /* FirebaseRemoteConfig */,
				FB58E8B82B03394700FD9E2E /* FirebaseRemoteConfigSwift */,
				FB58E8BA2B03394700FD9E2E /* FirebaseStorage */,
				FB58E8BC2B03394700FD9E2E /* FirebaseStorageCombine-Community */,
			);
			productName = "Ludi Boards";
			productReference = FBD9AFA42AFF00BF005F8620 /* Ludi Boards.app */;
			productType = "com.apple.product-type.application";
		};
/* End PBXNativeTarget section */

/* Begin PBXProject section */
		FBD9AF9C2AFF00BE005F8620 /* Project object */ = {
			isa = PBXProject;
			attributes = {
				BuildIndependentTargetsInParallel = 1;
				LastSwiftUpdateCheck = 1500;
				LastUpgradeCheck = 1500;
				TargetAttributes = {
					FBD9AFA32AFF00BF005F8620 = {
						CreatedOnToolsVersion = 15.0.1;
					};
				};
			};
			buildConfigurationList = FBD9AF9F2AFF00BE005F8620 /* Build configuration list for PBXProject "Ludi Boards" */;
			compatibilityVersion = "Xcode 14.0";
			developmentRegion = en;
			hasScannedForEncodings = 0;
			knownRegions = (
				en,
				Base,
			);
			mainGroup = FBD9AF9B2AFF00BE005F8620;
			packageReferences = (
				FBD9AFC32B008221005F8620 /* XCRemoteSwiftPackageReference "realm-swift" */,
				FB58E8872B03394700FD9E2E /* XCRemoteSwiftPackageReference "firebase-ios-sdk" */,
			);
			productRefGroup = FBD9AFA52AFF00BF005F8620 /* Products */;
			projectDirPath = "";
			projectRoot = "";
			targets = (
				FBD9AFA32AFF00BF005F8620 /* Ludi Boards */,
			);
		};
/* End PBXProject section */

/* Begin PBXResourcesBuildPhase section */
		FBD9AFA22AFF00BF005F8620 /* Resources */ = {
			isa = PBXResourcesBuildPhase;
			buildActionMask = 2147483647;
			files = (
				FBD9AFAF2AFF00BF005F8620 /* Preview Assets.xcassets in Resources */,
				FBD9AFAC2AFF00BF005F8620 /* Assets.xcassets in Resources */,
				FB93BB172B033E2000864CB2 /* GoogleService-Info.plist in Resources */,
			);
			runOnlyForDeploymentPostprocessing = 0;
		};
/* End PBXResourcesBuildPhase section */

/* Begin PBXSourcesBuildPhase section */
		FBD9AFA02AFF00BF005F8620 /* Sources */ = {
			isa = PBXSourcesBuildPhase;
			buildActionMask = 2147483647;
			files = (
				FB15DD342B074E6E00A21290 /* ChatUI.swift in Sources */,
				FBD9AFAA2AFF00BF005F8620 /* ContentView.swift in Sources */,
				FB3E02AB2B0C3BFF00D8558C /* ColorSlider.swift in Sources */,
				FB58E8842B03169700FD9E2E /* TimeProvider.swift in Sources */,
				FB58E8822B030F1D00FD9E2E /* RealmFind.swift in Sources */,
				FBD9AFC92B008435005F8620 /* ManagedViewAction.swift in Sources */,
				FB58E87C2B02B1F100FD9E2E /* mvModifier.swift in Sources */,
				FBD9AFC02B00817A005F8620 /* ManagedView.swift in Sources */,
				FBD9AFCD2B008457005F8620 /* UserToBoard.swift in Sources */,
				FB3E02B12B0C6B1D00D8558C /* ActivityPlan.swift in Sources */,
				FB3E02AD2B0C3CAB00D8558C /* PopupMenu.swift in Sources */,
				FBD9AFD22B008CAB005F8620 /* MenuBarProvider.swift in Sources */,
				FBD9AFD92B01CB91005F8620 /* SoccerToolProvider.swift in Sources */,
				FBD9AFA82AFF00BF005F8620 /* LudiBoardsApp.swift in Sources */,
				FB15DD302B0745DF00A21290 /* MenuBarIcon.swift in Sources */,
				FB93BB1B2B03471C00864CB2 /* FireData.swift in Sources */,
				FBB450002B04B7580096F8EB /* ColorProvider.swift in Sources */,
				FBD9AFCB2B00843F005F8620 /* BoardSession.swift in Sources */,
				FBD9AFC22B0081C1005F8620 /* RealmInstance.swift in Sources */,
				FB58E8782B01F40300FD9E2E /* FireCore.swift in Sources */,
				FB3E02B52B0C6B6000D8558C /* ActivityPlanView.swift in Sources */,
				FB3E02B92B0C724A00D8558C /* BoardBgProvider.swift in Sources */,
				FB15DD322B07461500A21290 /* MenuBarWindow.swift in Sources */,
				FBD9AFD72B00BB8F005F8620 /* ManagedViewBoardTool.swift in Sources */,
				FB3E02B72B0C70D100D8558C /* InputField.swift in Sources */,
				FB15DD362B074F5C00A21290 /* Chat.swift in Sources */,
				FB15DD2D2B0744A500A21290 /* CanvasEngineVM.swift in Sources */,
				FB5094282B0584CA000AEA96 /* ManagedViewWindow.swift in Sources */,
				FBD9AFBC2AFF56C2005F8620 /* BoardEngineVM.swift in Sources */,
				FBD9AFB82AFF0253005F8620 /* GridLines.swift in Sources */,
				FB50942A2B05856D000AEA96 /* ManagedViewToolBar.swift in Sources */,
				FB3E02AF2B0C6B1200D8558C /* SessionPlan.swift in Sources */,
				FB3E02A72B0C3A0C00D8558C /* SizeSlider.swift in Sources */,
				FB3E02B32B0C6B5100D8558C /* SessionPlanView.swift in Sources */,
				FB15DD272B07440700A21290 /* ViewWrapper.swift in Sources */,
				FBD9AFBA2AFF03D7005F8620 /* CanvasEngine.swift in Sources */,
				FB58E8762B01F3D200FD9E2E /* FireParser.swift in Sources */,
				FB5094262B058215000AEA96 /* LazyRow.swift in Sources */,
				FBD9AFD52B008F6F005F8620 /* Channels.swift in Sources */,
				FB15DD2A2B07443600A21290 /* BoardEngineView.swift in Sources */,
				FB3E02A92B0C3B2C00D8558C /* RotationSlider.swift in Sources */,
				FBB450022B052B180096F8EB /* FireLiveData.swift in Sources */,
				FB0AA56A2B0BEBE1001AA316 /* TwoFingerPanView.swift in Sources */,
				FB58E8802B02B26C00FD9E2E /* DragAndDrop.swift in Sources */,
				FB58E87E2B02B21700FD9E2E /* CoreMods.swift in Sources */,
			);
			runOnlyForDeploymentPostprocessing = 0;
		};
/* End PBXSourcesBuildPhase section */

/* Begin XCBuildConfiguration section */
		FBD9AFB02AFF00BF005F8620 /* Debug */ = {
			isa = XCBuildConfiguration;
			buildSettings = {
				ALWAYS_SEARCH_USER_PATHS = NO;
				ASSETCATALOG_COMPILER_GENERATE_SWIFT_ASSET_SYMBOL_EXTENSIONS = YES;
				CLANG_ANALYZER_NONNULL = YES;
				CLANG_ANALYZER_NUMBER_OBJECT_CONVERSION = YES_AGGRESSIVE;
				CLANG_CXX_LANGUAGE_STANDARD = "gnu++20";
				CLANG_ENABLE_MODULES = YES;
				CLANG_ENABLE_OBJC_ARC = YES;
				CLANG_ENABLE_OBJC_WEAK = YES;
				CLANG_WARN_BLOCK_CAPTURE_AUTORELEASING = YES;
				CLANG_WARN_BOOL_CONVERSION = YES;
				CLANG_WARN_COMMA = YES;
				CLANG_WARN_CONSTANT_CONVERSION = YES;
				CLANG_WARN_DEPRECATED_OBJC_IMPLEMENTATIONS = YES;
				CLANG_WARN_DIRECT_OBJC_ISA_USAGE = YES_ERROR;
				CLANG_WARN_DOCUMENTATION_COMMENTS = YES;
				CLANG_WARN_EMPTY_BODY = YES;
				CLANG_WARN_ENUM_CONVERSION = YES;
				CLANG_WARN_INFINITE_RECURSION = YES;
				CLANG_WARN_INT_CONVERSION = YES;
				CLANG_WARN_NON_LITERAL_NULL_CONVERSION = YES;
				CLANG_WARN_OBJC_IMPLICIT_RETAIN_SELF = YES;
				CLANG_WARN_OBJC_LITERAL_CONVERSION = YES;
				CLANG_WARN_OBJC_ROOT_CLASS = YES_ERROR;
				CLANG_WARN_QUOTED_INCLUDE_IN_FRAMEWORK_HEADER = YES;
				CLANG_WARN_RANGE_LOOP_ANALYSIS = YES;
				CLANG_WARN_STRICT_PROTOTYPES = YES;
				CLANG_WARN_SUSPICIOUS_MOVE = YES;
				CLANG_WARN_UNGUARDED_AVAILABILITY = YES_AGGRESSIVE;
				CLANG_WARN_UNREACHABLE_CODE = YES;
				CLANG_WARN__DUPLICATE_METHOD_MATCH = YES;
				COPY_PHASE_STRIP = NO;
				DEBUG_INFORMATION_FORMAT = dwarf;
				ENABLE_STRICT_OBJC_MSGSEND = YES;
				ENABLE_TESTABILITY = YES;
				ENABLE_USER_SCRIPT_SANDBOXING = YES;
				GCC_C_LANGUAGE_STANDARD = gnu17;
				GCC_DYNAMIC_NO_PIC = NO;
				GCC_NO_COMMON_BLOCKS = YES;
				GCC_OPTIMIZATION_LEVEL = 0;
				GCC_PREPROCESSOR_DEFINITIONS = (
					"DEBUG=1",
					"$(inherited)",
				);
				GCC_WARN_64_TO_32_BIT_CONVERSION = YES;
				GCC_WARN_ABOUT_RETURN_TYPE = YES_ERROR;
				GCC_WARN_UNDECLARED_SELECTOR = YES;
				GCC_WARN_UNINITIALIZED_AUTOS = YES_AGGRESSIVE;
				GCC_WARN_UNUSED_FUNCTION = YES;
				GCC_WARN_UNUSED_VARIABLE = YES;
				IPHONEOS_DEPLOYMENT_TARGET = 17.0;
				LOCALIZATION_PREFERS_STRING_CATALOGS = YES;
				MTL_ENABLE_DEBUG_INFO = INCLUDE_SOURCE;
				MTL_FAST_MATH = YES;
				ONLY_ACTIVE_ARCH = YES;
				SDKROOT = iphoneos;
				SWIFT_ACTIVE_COMPILATION_CONDITIONS = "DEBUG $(inherited)";
				SWIFT_OPTIMIZATION_LEVEL = "-Onone";
			};
			name = Debug;
		};
		FBD9AFB12AFF00BF005F8620 /* Release */ = {
			isa = XCBuildConfiguration;
			buildSettings = {
				ALWAYS_SEARCH_USER_PATHS = NO;
				ASSETCATALOG_COMPILER_GENERATE_SWIFT_ASSET_SYMBOL_EXTENSIONS = YES;
				CLANG_ANALYZER_NONNULL = YES;
				CLANG_ANALYZER_NUMBER_OBJECT_CONVERSION = YES_AGGRESSIVE;
				CLANG_CXX_LANGUAGE_STANDARD = "gnu++20";
				CLANG_ENABLE_MODULES = YES;
				CLANG_ENABLE_OBJC_ARC = YES;
				CLANG_ENABLE_OBJC_WEAK = YES;
				CLANG_WARN_BLOCK_CAPTURE_AUTORELEASING = YES;
				CLANG_WARN_BOOL_CONVERSION = YES;
				CLANG_WARN_COMMA = YES;
				CLANG_WARN_CONSTANT_CONVERSION = YES;
				CLANG_WARN_DEPRECATED_OBJC_IMPLEMENTATIONS = YES;
				CLANG_WARN_DIRECT_OBJC_ISA_USAGE = YES_ERROR;
				CLANG_WARN_DOCUMENTATION_COMMENTS = YES;
				CLANG_WARN_EMPTY_BODY = YES;
				CLANG_WARN_ENUM_CONVERSION = YES;
				CLANG_WARN_INFINITE_RECURSION = YES;
				CLANG_WARN_INT_CONVERSION = YES;
				CLANG_WARN_NON_LITERAL_NULL_CONVERSION = YES;
				CLANG_WARN_OBJC_IMPLICIT_RETAIN_SELF = YES;
				CLANG_WARN_OBJC_LITERAL_CONVERSION = YES;
				CLANG_WARN_OBJC_ROOT_CLASS = YES_ERROR;
				CLANG_WARN_QUOTED_INCLUDE_IN_FRAMEWORK_HEADER = YES;
				CLANG_WARN_RANGE_LOOP_ANALYSIS = YES;
				CLANG_WARN_STRICT_PROTOTYPES = YES;
				CLANG_WARN_SUSPICIOUS_MOVE = YES;
				CLANG_WARN_UNGUARDED_AVAILABILITY = YES_AGGRESSIVE;
				CLANG_WARN_UNREACHABLE_CODE = YES;
				CLANG_WARN__DUPLICATE_METHOD_MATCH = YES;
				COPY_PHASE_STRIP = NO;
				DEBUG_INFORMATION_FORMAT = "dwarf-with-dsym";
				ENABLE_NS_ASSERTIONS = NO;
				ENABLE_STRICT_OBJC_MSGSEND = YES;
				ENABLE_USER_SCRIPT_SANDBOXING = YES;
				GCC_C_LANGUAGE_STANDARD = gnu17;
				GCC_NO_COMMON_BLOCKS = YES;
				GCC_WARN_64_TO_32_BIT_CONVERSION = YES;
				GCC_WARN_ABOUT_RETURN_TYPE = YES_ERROR;
				GCC_WARN_UNDECLARED_SELECTOR = YES;
				GCC_WARN_UNINITIALIZED_AUTOS = YES_AGGRESSIVE;
				GCC_WARN_UNUSED_FUNCTION = YES;
				GCC_WARN_UNUSED_VARIABLE = YES;
				IPHONEOS_DEPLOYMENT_TARGET = 17.0;
				LOCALIZATION_PREFERS_STRING_CATALOGS = YES;
				MTL_ENABLE_DEBUG_INFO = NO;
				MTL_FAST_MATH = YES;
				SDKROOT = iphoneos;
				SWIFT_COMPILATION_MODE = wholemodule;
				VALIDATE_PRODUCT = YES;
			};
			name = Release;
		};
		FBD9AFB32AFF00BF005F8620 /* Debug */ = {
			isa = XCBuildConfiguration;
			buildSettings = {
				ASSETCATALOG_COMPILER_APPICON_NAME = AppIcon;
				ASSETCATALOG_COMPILER_GLOBAL_ACCENT_COLOR_NAME = AccentColor;
				CODE_SIGN_STYLE = Automatic;
				CURRENT_PROJECT_VERSION = 1;
				DEVELOPMENT_ASSET_PATHS = "\"Ludi Boards/Preview Content\"";
				DEVELOPMENT_TEAM = 248J2GKL56;
				ENABLE_PREVIEWS = YES;
				GENERATE_INFOPLIST_FILE = YES;
				INFOPLIST_KEY_CFBundleDisplayName = "Ludi Boards";
				INFOPLIST_KEY_UIApplicationSceneManifest_Generation = YES;
				INFOPLIST_KEY_UIApplicationSupportsIndirectInputEvents = YES;
				INFOPLIST_KEY_UILaunchScreen_Generation = YES;
				INFOPLIST_KEY_UISupportedInterfaceOrientations_iPad = "UIInterfaceOrientationPortrait UIInterfaceOrientationPortraitUpsideDown UIInterfaceOrientationLandscapeLeft UIInterfaceOrientationLandscapeRight";
				INFOPLIST_KEY_UISupportedInterfaceOrientations_iPhone = "UIInterfaceOrientationPortrait UIInterfaceOrientationLandscapeLeft UIInterfaceOrientationLandscapeRight";
				IPHONEOS_DEPLOYMENT_TARGET = 16.0;
				LD_RUNPATH_SEARCH_PATHS = (
					"$(inherited)",
					"@executable_path/Frameworks",
				);
				MARKETING_VERSION = 1.0;
				PRODUCT_BUNDLE_IDENTIFIER = io.ludi.boards;
				PRODUCT_NAME = "$(TARGET_NAME)";
				SWIFT_EMIT_LOC_STRINGS = YES;
				SWIFT_VERSION = 5.0;
				TARGETED_DEVICE_FAMILY = "1,2";
			};
			name = Debug;
		};
		FBD9AFB42AFF00BF005F8620 /* Release */ = {
			isa = XCBuildConfiguration;
			buildSettings = {
				ASSETCATALOG_COMPILER_APPICON_NAME = AppIcon;
				ASSETCATALOG_COMPILER_GLOBAL_ACCENT_COLOR_NAME = AccentColor;
				CODE_SIGN_STYLE = Automatic;
				CURRENT_PROJECT_VERSION = 1;
				DEVELOPMENT_ASSET_PATHS = "\"Ludi Boards/Preview Content\"";
				DEVELOPMENT_TEAM = 248J2GKL56;
				ENABLE_PREVIEWS = YES;
				GENERATE_INFOPLIST_FILE = YES;
				INFOPLIST_KEY_CFBundleDisplayName = "Ludi Boards";
				INFOPLIST_KEY_UIApplicationSceneManifest_Generation = YES;
				INFOPLIST_KEY_UIApplicationSupportsIndirectInputEvents = YES;
				INFOPLIST_KEY_UILaunchScreen_Generation = YES;
				INFOPLIST_KEY_UISupportedInterfaceOrientations_iPad = "UIInterfaceOrientationPortrait UIInterfaceOrientationPortraitUpsideDown UIInterfaceOrientationLandscapeLeft UIInterfaceOrientationLandscapeRight";
				INFOPLIST_KEY_UISupportedInterfaceOrientations_iPhone = "UIInterfaceOrientationPortrait UIInterfaceOrientationLandscapeLeft UIInterfaceOrientationLandscapeRight";
				IPHONEOS_DEPLOYMENT_TARGET = 16.0;
				LD_RUNPATH_SEARCH_PATHS = (
					"$(inherited)",
					"@executable_path/Frameworks",
				);
				MARKETING_VERSION = 1.0;
				PRODUCT_BUNDLE_IDENTIFIER = io.ludi.boards;
				PRODUCT_NAME = "$(TARGET_NAME)";
				SWIFT_EMIT_LOC_STRINGS = YES;
				SWIFT_VERSION = 5.0;
				TARGETED_DEVICE_FAMILY = "1,2";
			};
			name = Release;
		};
/* End XCBuildConfiguration section */

/* Begin XCConfigurationList section */
		FBD9AF9F2AFF00BE005F8620 /* Build configuration list for PBXProject "Ludi Boards" */ = {
			isa = XCConfigurationList;
			buildConfigurations = (
				FBD9AFB02AFF00BF005F8620 /* Debug */,
				FBD9AFB12AFF00BF005F8620 /* Release */,
			);
			defaultConfigurationIsVisible = 0;
			defaultConfigurationName = Release;
		};
		FBD9AFB22AFF00BF005F8620 /* Build configuration list for PBXNativeTarget "Ludi Boards" */ = {
			isa = XCConfigurationList;
			buildConfigurations = (
				FBD9AFB32AFF00BF005F8620 /* Debug */,
				FBD9AFB42AFF00BF005F8620 /* Release */,
			);
			defaultConfigurationIsVisible = 0;
			defaultConfigurationName = Release;
		};
/* End XCConfigurationList section */

/* Begin XCRemoteSwiftPackageReference section */
		FB58E8872B03394700FD9E2E /* XCRemoteSwiftPackageReference "firebase-ios-sdk" */ = {
			isa = XCRemoteSwiftPackageReference;
			repositoryURL = "https://github.com/firebase/firebase-ios-sdk";
			requirement = {
				kind = upToNextMajorVersion;
				minimumVersion = 10.17.0;
			};
		};
		FBD9AFC32B008221005F8620 /* XCRemoteSwiftPackageReference "realm-swift" */ = {
			isa = XCRemoteSwiftPackageReference;
			repositoryURL = "https://github.com/realm/realm-swift.git";
			requirement = {
				branch = master;
				kind = branch;
			};
		};
/* End XCRemoteSwiftPackageReference section */

/* Begin XCSwiftPackageProductDependency section */
		FB58E8882B03394700FD9E2E /* FirebaseAnalytics */ = {
			isa = XCSwiftPackageProductDependency;
			package = FB58E8872B03394700FD9E2E /* XCRemoteSwiftPackageReference "firebase-ios-sdk" */;
			productName = FirebaseAnalytics;
		};
		FB58E88A2B03394700FD9E2E /* FirebaseAnalyticsOnDeviceConversion */ = {
			isa = XCSwiftPackageProductDependency;
			package = FB58E8872B03394700FD9E2E /* XCRemoteSwiftPackageReference "firebase-ios-sdk" */;
			productName = FirebaseAnalyticsOnDeviceConversion;
		};
		FB58E88C2B03394700FD9E2E /* FirebaseAnalyticsSwift */ = {
			isa = XCSwiftPackageProductDependency;
			package = FB58E8872B03394700FD9E2E /* XCRemoteSwiftPackageReference "firebase-ios-sdk" */;
			productName = FirebaseAnalyticsSwift;
		};
		FB58E88E2B03394700FD9E2E /* FirebaseAnalyticsWithoutAdIdSupport */ = {
			isa = XCSwiftPackageProductDependency;
			package = FB58E8872B03394700FD9E2E /* XCRemoteSwiftPackageReference "firebase-ios-sdk" */;
			productName = FirebaseAnalyticsWithoutAdIdSupport;
		};
		FB58E8902B03394700FD9E2E /* FirebaseAppCheck */ = {
			isa = XCSwiftPackageProductDependency;
			package = FB58E8872B03394700FD9E2E /* XCRemoteSwiftPackageReference "firebase-ios-sdk" */;
			productName = FirebaseAppCheck;
		};
		FB58E8922B03394700FD9E2E /* FirebaseAppDistribution-Beta */ = {
			isa = XCSwiftPackageProductDependency;
			package = FB58E8872B03394700FD9E2E /* XCRemoteSwiftPackageReference "firebase-ios-sdk" */;
			productName = "FirebaseAppDistribution-Beta";
		};
		FB58E8942B03394700FD9E2E /* FirebaseAuth */ = {
			isa = XCSwiftPackageProductDependency;
			package = FB58E8872B03394700FD9E2E /* XCRemoteSwiftPackageReference "firebase-ios-sdk" */;
			productName = FirebaseAuth;
		};
		FB58E8962B03394700FD9E2E /* FirebaseAuthCombine-Community */ = {
			isa = XCSwiftPackageProductDependency;
			package = FB58E8872B03394700FD9E2E /* XCRemoteSwiftPackageReference "firebase-ios-sdk" */;
			productName = "FirebaseAuthCombine-Community";
		};
		FB58E8982B03394700FD9E2E /* FirebaseCrashlytics */ = {
			isa = XCSwiftPackageProductDependency;
			package = FB58E8872B03394700FD9E2E /* XCRemoteSwiftPackageReference "firebase-ios-sdk" */;
			productName = FirebaseCrashlytics;
		};
		FB58E89A2B03394700FD9E2E /* FirebaseDatabase */ = {
			isa = XCSwiftPackageProductDependency;
			package = FB58E8872B03394700FD9E2E /* XCRemoteSwiftPackageReference "firebase-ios-sdk" */;
			productName = FirebaseDatabase;
		};
		FB58E89C2B03394700FD9E2E /* FirebaseDatabaseSwift */ = {
			isa = XCSwiftPackageProductDependency;
			package = FB58E8872B03394700FD9E2E /* XCRemoteSwiftPackageReference "firebase-ios-sdk" */;
			productName = FirebaseDatabaseSwift;
		};
		FB58E89E2B03394700FD9E2E /* FirebaseDynamicLinks */ = {
			isa = XCSwiftPackageProductDependency;
			package = FB58E8872B03394700FD9E2E /* XCRemoteSwiftPackageReference "firebase-ios-sdk" */;
			productName = FirebaseDynamicLinks;
		};
		FB58E8A02B03394700FD9E2E /* FirebaseFirestore */ = {
			isa = XCSwiftPackageProductDependency;
			package = FB58E8872B03394700FD9E2E /* XCRemoteSwiftPackageReference "firebase-ios-sdk" */;
			productName = FirebaseFirestore;
		};
		FB58E8A22B03394700FD9E2E /* FirebaseFirestoreCombine-Community */ = {
			isa = XCSwiftPackageProductDependency;
			package = FB58E8872B03394700FD9E2E /* XCRemoteSwiftPackageReference "firebase-ios-sdk" */;
			productName = "FirebaseFirestoreCombine-Community";
		};
		FB58E8A42B03394700FD9E2E /* FirebaseFirestoreSwift */ = {
			isa = XCSwiftPackageProductDependency;
			package = FB58E8872B03394700FD9E2E /* XCRemoteSwiftPackageReference "firebase-ios-sdk" */;
			productName = FirebaseFirestoreSwift;
		};
		FB58E8A62B03394700FD9E2E /* FirebaseFunctions */ = {
			isa = XCSwiftPackageProductDependency;
			package = FB58E8872B03394700FD9E2E /* XCRemoteSwiftPackageReference "firebase-ios-sdk" */;
			productName = FirebaseFunctions;
		};
		FB58E8A82B03394700FD9E2E /* FirebaseFunctionsCombine-Community */ = {
			isa = XCSwiftPackageProductDependency;
			package = FB58E8872B03394700FD9E2E /* XCRemoteSwiftPackageReference "firebase-ios-sdk" */;
			productName = "FirebaseFunctionsCombine-Community";
		};
		FB58E8AA2B03394700FD9E2E /* FirebaseInAppMessaging-Beta */ = {
			isa = XCSwiftPackageProductDependency;
			package = FB58E8872B03394700FD9E2E /* XCRemoteSwiftPackageReference "firebase-ios-sdk" */;
			productName = "FirebaseInAppMessaging-Beta";
		};
		FB58E8AC2B03394700FD9E2E /* FirebaseInAppMessagingSwift-Beta */ = {
			isa = XCSwiftPackageProductDependency;
			package = FB58E8872B03394700FD9E2E /* XCRemoteSwiftPackageReference "firebase-ios-sdk" */;
			productName = "FirebaseInAppMessagingSwift-Beta";
		};
		FB58E8AE2B03394700FD9E2E /* FirebaseInstallations */ = {
			isa = XCSwiftPackageProductDependency;
			package = FB58E8872B03394700FD9E2E /* XCRemoteSwiftPackageReference "firebase-ios-sdk" */;
			productName = FirebaseInstallations;
		};
		FB58E8B02B03394700FD9E2E /* FirebaseMLModelDownloader */ = {
			isa = XCSwiftPackageProductDependency;
			package = FB58E8872B03394700FD9E2E /* XCRemoteSwiftPackageReference "firebase-ios-sdk" */;
			productName = FirebaseMLModelDownloader;
		};
		FB58E8B22B03394700FD9E2E /* FirebaseMessaging */ = {
			isa = XCSwiftPackageProductDependency;
			package = FB58E8872B03394700FD9E2E /* XCRemoteSwiftPackageReference "firebase-ios-sdk" */;
			productName = FirebaseMessaging;
		};
		FB58E8B42B03394700FD9E2E /* FirebasePerformance */ = {
			isa = XCSwiftPackageProductDependency;
			package = FB58E8872B03394700FD9E2E /* XCRemoteSwiftPackageReference "firebase-ios-sdk" */;
			productName = FirebasePerformance;
		};
		FB58E8B62B03394700FD9E2E /* FirebaseRemoteConfig */ = {
			isa = XCSwiftPackageProductDependency;
			package = FB58E8872B03394700FD9E2E /* XCRemoteSwiftPackageReference "firebase-ios-sdk" */;
			productName = FirebaseRemoteConfig;
		};
		FB58E8B82B03394700FD9E2E /* FirebaseRemoteConfigSwift */ = {
			isa = XCSwiftPackageProductDependency;
			package = FB58E8872B03394700FD9E2E /* XCRemoteSwiftPackageReference "firebase-ios-sdk" */;
			productName = FirebaseRemoteConfigSwift;
		};
		FB58E8BA2B03394700FD9E2E /* FirebaseStorage */ = {
			isa = XCSwiftPackageProductDependency;
			package = FB58E8872B03394700FD9E2E /* XCRemoteSwiftPackageReference "firebase-ios-sdk" */;
			productName = FirebaseStorage;
		};
		FB58E8BC2B03394700FD9E2E /* FirebaseStorageCombine-Community */ = {
			isa = XCSwiftPackageProductDependency;
			package = FB58E8872B03394700FD9E2E /* XCRemoteSwiftPackageReference "firebase-ios-sdk" */;
			productName = "FirebaseStorageCombine-Community";
		};
		FBD9AFC42B008221005F8620 /* Realm */ = {
			isa = XCSwiftPackageProductDependency;
			package = FBD9AFC32B008221005F8620 /* XCRemoteSwiftPackageReference "realm-swift" */;
			productName = Realm;
		};
		FBD9AFC62B008221005F8620 /* RealmSwift */ = {
			isa = XCSwiftPackageProductDependency;
			package = FBD9AFC32B008221005F8620 /* XCRemoteSwiftPackageReference "realm-swift" */;
			productName = RealmSwift;
		};
/* End XCSwiftPackageProductDependency section */
	};
	rootObject = FBD9AF9C2AFF00BE005F8620 /* Project object */;
}
