// !$*UTF8*$!
{
	archiveVersion = 1;
	classes = {
	};
	objectVersion = 56;
	objects = {

/* Begin PBXBuildFile section */
		FB07B6702B17A5B9009A0962 /* mvModifier.swift in Sources */ = {isa = PBXBuildFile; fileRef = FB07B66F2B17A5B9009A0962 /* mvModifier.swift */; };
		FB0AA56A2B0BEBE1001AA316 /* TwoFingerPanView.swift in Sources */ = {isa = PBXBuildFile; fileRef = FB0AA5692B0BEBE1001AA316 /* TwoFingerPanView.swift */; };
		FB10AE052B0DC8E600295F4B /* Tips.swift in Sources */ = {isa = PBXBuildFile; fileRef = FB10AE042B0DC8E600295F4B /* Tips.swift */; };
		FB10AE072B0DCDB500295F4B /* FloatingEmoji.swift in Sources */ = {isa = PBXBuildFile; fileRef = FB10AE062B0DCDB500295F4B /* FloatingEmoji.swift */; };
		FB10AE092B0DD76C00295F4B /* EmojiProvider.swift in Sources */ = {isa = PBXBuildFile; fileRef = FB10AE082B0DD76C00295F4B /* EmojiProvider.swift */; };
		FB10AE0B2B0F162F00295F4B /* ActivityPlanThumbView.swift in Sources */ = {isa = PBXBuildFile; fileRef = FB10AE0A2B0F162F00295F4B /* ActivityPlanThumbView.swift */; };
		FB10AE0D2B0F16B100295F4B /* ActivityPlanThumbList.swift in Sources */ = {isa = PBXBuildFile; fileRef = FB10AE0C2B0F16B100295F4B /* ActivityPlanThumbList.swift */; };
		FB15DD272B07440700A21290 /* ViewWrapper.swift in Sources */ = {isa = PBXBuildFile; fileRef = FB15DD262B07440700A21290 /* ViewWrapper.swift */; };
		FB15DD2A2B07443600A21290 /* BoardEngineView.swift in Sources */ = {isa = PBXBuildFile; fileRef = FB15DD292B07443600A21290 /* BoardEngineView.swift */; };
		FB15DD2D2B0744A500A21290 /* CanvasEngineVM.swift in Sources */ = {isa = PBXBuildFile; fileRef = FB15DD2C2B0744A500A21290 /* CanvasEngineVM.swift */; };
		FB15DD302B0745DF00A21290 /* MenuBarIcon.swift in Sources */ = {isa = PBXBuildFile; fileRef = FB15DD2F2B0745DF00A21290 /* MenuBarIcon.swift */; };
		FB15DD322B07461500A21290 /* MenuBarWindow.swift in Sources */ = {isa = PBXBuildFile; fileRef = FB15DD312B07461500A21290 /* MenuBarWindow.swift */; };
		FB15DD342B074E6E00A21290 /* ChatUI.swift in Sources */ = {isa = PBXBuildFile; fileRef = FB15DD332B074E6E00A21290 /* ChatUI.swift */; };
		FB15DD362B074F5C00A21290 /* Chat.swift in Sources */ = {isa = PBXBuildFile; fileRef = FB15DD352B074F5C00A21290 /* Chat.swift */; };
		FB3E02A72B0C3A0C00D8558C /* SizeSlider.swift in Sources */ = {isa = PBXBuildFile; fileRef = FB3E02A62B0C3A0C00D8558C /* SizeSlider.swift */; };
		FB3E02A92B0C3B2C00D8558C /* RotationSlider.swift in Sources */ = {isa = PBXBuildFile; fileRef = FB3E02A82B0C3B2C00D8558C /* RotationSlider.swift */; };
		FB3E02AB2B0C3BFF00D8558C /* ColorSlider.swift in Sources */ = {isa = PBXBuildFile; fileRef = FB3E02AA2B0C3BFF00D8558C /* ColorSlider.swift */; };
		FB3E02AD2B0C3CAB00D8558C /* PopupMenu.swift in Sources */ = {isa = PBXBuildFile; fileRef = FB3E02AC2B0C3CAB00D8558C /* PopupMenu.swift */; };
		FB3E02AF2B0C6B1200D8558C /* SessionPlan.swift in Sources */ = {isa = PBXBuildFile; fileRef = FB3E02AE2B0C6B1200D8558C /* SessionPlan.swift */; };
		FB3E02B12B0C6B1D00D8558C /* ActivityPlan.swift in Sources */ = {isa = PBXBuildFile; fileRef = FB3E02B02B0C6B1D00D8558C /* ActivityPlan.swift */; };
		FB3E02B32B0C6B5100D8558C /* SessionPlanView.swift in Sources */ = {isa = PBXBuildFile; fileRef = FB3E02B22B0C6B5100D8558C /* SessionPlanView.swift */; };
		FB3E02B52B0C6B6000D8558C /* ActivityPlanView.swift in Sources */ = {isa = PBXBuildFile; fileRef = FB3E02B42B0C6B6000D8558C /* ActivityPlanView.swift */; };
		FB3E02B72B0C70D100D8558C /* InputField.swift in Sources */ = {isa = PBXBuildFile; fileRef = FB3E02B62B0C70D100D8558C /* InputField.swift */; };
		FB3E02B92B0C724A00D8558C /* BoardBgProvider.swift in Sources */ = {isa = PBXBuildFile; fileRef = FB3E02B82B0C724A00D8558C /* BoardBgProvider.swift */; };
		FB3E02BB2B0C90D700D8558C /* Buddy.swift in Sources */ = {isa = PBXBuildFile; fileRef = FB3E02BA2B0C90D700D8558C /* Buddy.swift */; };
		FB3E02BD2B0C90E600D8558C /* BuddyListView.swift in Sources */ = {isa = PBXBuildFile; fileRef = FB3E02BC2B0C90E600D8558C /* BuddyListView.swift */; };
		FB3E02BF2B0C948A00D8558C /* AddBuddyView.swift in Sources */ = {isa = PBXBuildFile; fileRef = FB3E02BE2B0C948A00D8558C /* AddBuddyView.swift */; };
		FB3E02C12B0C9A6D00D8558C /* BuddyProfileView.swift in Sources */ = {isa = PBXBuildFile; fileRef = FB3E02C02B0C9A6D00D8558C /* BuddyProfileView.swift */; };
		FB3E02C32B0D19A300D8558C /* User.swift in Sources */ = {isa = PBXBuildFile; fileRef = FB3E02C22B0D19A300D8558C /* User.swift */; };
		FB3E02C52B0D2A8500D8558C /* ThumbnailListView.swift in Sources */ = {isa = PBXBuildFile; fileRef = FB3E02C42B0D2A8500D8558C /* ThumbnailListView.swift */; };
		FB3E02C72B0D2C3100D8558C /* InputSwitch.swift in Sources */ = {isa = PBXBuildFile; fileRef = FB3E02C62B0D2C3100D8558C /* InputSwitch.swift */; };
		FB3E02C92B0D2D8D00D8558C /* ExpandingTextEditor.swift in Sources */ = {isa = PBXBuildFile; fileRef = FB3E02C82B0D2D8D00D8558C /* ExpandingTextEditor.swift */; };
		FB3E02CB2B0D2E4700D8558C /* InputTextEditor.swift in Sources */ = {isa = PBXBuildFile; fileRef = FB3E02CA2B0D2E4700D8558C /* InputTextEditor.swift */; };
		FB4840962B1D43AD0003377A /* BarListPicker.swift in Sources */ = {isa = PBXBuildFile; fileRef = FB4840952B1D43AD0003377A /* BarListPicker.swift */; };
		FB4840982B1D66380003377A /* CurrentSession.swift in Sources */ = {isa = PBXBuildFile; fileRef = FB4840972B1D66380003377A /* CurrentSession.swift */; };
		FB48409A2B1EBC940003377A /* Fields.swift in Sources */ = {isa = PBXBuildFile; fileRef = FB4840992B1EBC940003377A /* Fields.swift */; };
		FB48409C2B1EBE8B0003377A /* StopWatch.swift in Sources */ = {isa = PBXBuildFile; fileRef = FB48409B2B1EBE8B0003377A /* StopWatch.swift */; };
		FB5094262B058215000AEA96 /* LazyRow.swift in Sources */ = {isa = PBXBuildFile; fileRef = FB5094252B058215000AEA96 /* LazyRow.swift */; };
		FB5094282B0584CA000AEA96 /* ManagedViewWindow.swift in Sources */ = {isa = PBXBuildFile; fileRef = FB5094272B0584CA000AEA96 /* ManagedViewWindow.swift */; };
		FB50942A2B05856D000AEA96 /* LineToolView.swift in Sources */ = {isa = PBXBuildFile; fileRef = FB5094292B05856D000AEA96 /* LineToolView.swift */; };
		FB58A1B42B17D1420024B9A2 /* ToolBarView.swift in Sources */ = {isa = PBXBuildFile; fileRef = FB58A1B32B17D1420024B9A2 /* ToolBarView.swift */; };
		FB58A1B62B1804C80024B9A2 /* FlashingLight.swift in Sources */ = {isa = PBXBuildFile; fileRef = FB58A1B52B1804C80024B9A2 /* FlashingLight.swift */; };
		FB58E8762B01F3D200FD9E2E /* FireParser.swift in Sources */ = {isa = PBXBuildFile; fileRef = FB58E8752B01F3D200FD9E2E /* FireParser.swift */; };
		FB58E8782B01F40300FD9E2E /* FireCore.swift in Sources */ = {isa = PBXBuildFile; fileRef = FB58E8772B01F40300FD9E2E /* FireCore.swift */; };
		FB58E87C2B02B1F100FD9E2E /* lineModifier.swift in Sources */ = {isa = PBXBuildFile; fileRef = FB58E87B2B02B1F000FD9E2E /* lineModifier.swift */; };
		FB58E87E2B02B21700FD9E2E /* CoreMods.swift in Sources */ = {isa = PBXBuildFile; fileRef = FB58E87D2B02B21700FD9E2E /* CoreMods.swift */; };
		FB58E8802B02B26C00FD9E2E /* DragAndDrop.swift in Sources */ = {isa = PBXBuildFile; fileRef = FB58E87F2B02B26C00FD9E2E /* DragAndDrop.swift */; };
		FB58E8822B030F1D00FD9E2E /* RealmFind.swift in Sources */ = {isa = PBXBuildFile; fileRef = FB58E8812B030F1D00FD9E2E /* RealmFind.swift */; };
		FB58E8842B03169700FD9E2E /* TimeProvider.swift in Sources */ = {isa = PBXBuildFile; fileRef = FB58E8832B03169700FD9E2E /* TimeProvider.swift */; };
		FB93BB172B033E2000864CB2 /* GoogleService-Info.plist in Resources */ = {isa = PBXBuildFile; fileRef = FB93BB162B033E2000864CB2 /* GoogleService-Info.plist */; };
		FB93BB1B2B03471C00864CB2 /* FireData.swift in Sources */ = {isa = PBXBuildFile; fileRef = FB93BB1A2B03471C00864CB2 /* FireData.swift */; };
		FB982F912B19D1B900C0DA03 /* FirebaseService.swift in Sources */ = {isa = PBXBuildFile; fileRef = FB982F902B19D1B900C0DA03 /* FirebaseService.swift */; };
		FB9F1DD02B1528FC00FD9078 /* Extensions.swift in Sources */ = {isa = PBXBuildFile; fileRef = FB9F1DCF2B1528FC00FD9078 /* Extensions.swift */; };
		FB9F1DD22B1529E400FD9078 /* LoadingView.swift in Sources */ = {isa = PBXBuildFile; fileRef = FB9F1DD12B1529E400FD9078 /* LoadingView.swift */; };
		FB9F1DD42B15307E00FD9078 /* UserSignUp.swift in Sources */ = {isa = PBXBuildFile; fileRef = FB9F1DD32B15307E00FD9078 /* UserSignUp.swift */; };
		FB9F1DD62B1532AB00FD9078 /* ImagePicker.swift in Sources */ = {isa = PBXBuildFile; fileRef = FB9F1DD52B1532AB00FD9078 /* ImagePicker.swift */; };
		FB9F1DD92B1533C400FD9078 /* FirebaseLogin.swift in Sources */ = {isa = PBXBuildFile; fileRef = FB9F1DD82B1533C400FD9078 /* FirebaseLogin.swift */; };
		FB9F1E132B1538F500FD9078 /* Realm in Frameworks */ = {isa = PBXBuildFile; productRef = FB9F1E122B1538F500FD9078 /* Realm */; };
		FB9F1E152B1538F500FD9078 /* RealmSwift in Frameworks */ = {isa = PBXBuildFile; productRef = FB9F1E142B1538F500FD9078 /* RealmSwift */; };
		FB9F1E182B15393A00FD9078 /* FirebaseAnalytics in Frameworks */ = {isa = PBXBuildFile; productRef = FB9F1E172B15393A00FD9078 /* FirebaseAnalytics */; };
		FB9F1E1A2B15393A00FD9078 /* FirebaseAnalyticsOnDeviceConversion in Frameworks */ = {isa = PBXBuildFile; productRef = FB9F1E192B15393A00FD9078 /* FirebaseAnalyticsOnDeviceConversion */; };
		FB9F1E1C2B15393A00FD9078 /* FirebaseAnalyticsSwift in Frameworks */ = {isa = PBXBuildFile; productRef = FB9F1E1B2B15393A00FD9078 /* FirebaseAnalyticsSwift */; };
		FB9F1E1E2B15393A00FD9078 /* FirebaseAnalyticsWithoutAdIdSupport in Frameworks */ = {isa = PBXBuildFile; productRef = FB9F1E1D2B15393A00FD9078 /* FirebaseAnalyticsWithoutAdIdSupport */; };
		FB9F1E202B15393A00FD9078 /* FirebaseAppCheck in Frameworks */ = {isa = PBXBuildFile; productRef = FB9F1E1F2B15393A00FD9078 /* FirebaseAppCheck */; };
		FB9F1E222B15393A00FD9078 /* FirebaseAppDistribution-Beta in Frameworks */ = {isa = PBXBuildFile; productRef = FB9F1E212B15393A00FD9078 /* FirebaseAppDistribution-Beta */; };
		FB9F1E242B15393A00FD9078 /* FirebaseAuth in Frameworks */ = {isa = PBXBuildFile; productRef = FB9F1E232B15393A00FD9078 /* FirebaseAuth */; };
		FB9F1E262B15393A00FD9078 /* FirebaseAuthCombine-Community in Frameworks */ = {isa = PBXBuildFile; productRef = FB9F1E252B15393A00FD9078 /* FirebaseAuthCombine-Community */; };
		FB9F1E282B15393A00FD9078 /* FirebaseCrashlytics in Frameworks */ = {isa = PBXBuildFile; productRef = FB9F1E272B15393A00FD9078 /* FirebaseCrashlytics */; };
		FB9F1E2A2B15393A00FD9078 /* FirebaseDatabase in Frameworks */ = {isa = PBXBuildFile; productRef = FB9F1E292B15393A00FD9078 /* FirebaseDatabase */; };
		FB9F1E2C2B15393A00FD9078 /* FirebaseDatabaseSwift in Frameworks */ = {isa = PBXBuildFile; productRef = FB9F1E2B2B15393A00FD9078 /* FirebaseDatabaseSwift */; };
		FB9F1E2E2B15393A00FD9078 /* FirebaseDynamicLinks in Frameworks */ = {isa = PBXBuildFile; productRef = FB9F1E2D2B15393A00FD9078 /* FirebaseDynamicLinks */; };
		FB9F1E302B15393A00FD9078 /* FirebaseFirestore in Frameworks */ = {isa = PBXBuildFile; productRef = FB9F1E2F2B15393A00FD9078 /* FirebaseFirestore */; };
		FB9F1E322B15393A00FD9078 /* FirebaseFirestoreCombine-Community in Frameworks */ = {isa = PBXBuildFile; productRef = FB9F1E312B15393A00FD9078 /* FirebaseFirestoreCombine-Community */; };
		FB9F1E342B15393A00FD9078 /* FirebaseFirestoreSwift in Frameworks */ = {isa = PBXBuildFile; productRef = FB9F1E332B15393A00FD9078 /* FirebaseFirestoreSwift */; };
		FB9F1E362B15393A00FD9078 /* FirebaseInAppMessaging-Beta in Frameworks */ = {isa = PBXBuildFile; productRef = FB9F1E352B15393A00FD9078 /* FirebaseInAppMessaging-Beta */; };
		FB9F1E382B15393A00FD9078 /* FirebaseInAppMessagingSwift-Beta in Frameworks */ = {isa = PBXBuildFile; productRef = FB9F1E372B15393A00FD9078 /* FirebaseInAppMessagingSwift-Beta */; };
		FB9F1E3A2B15393A00FD9078 /* FirebaseInstallations in Frameworks */ = {isa = PBXBuildFile; productRef = FB9F1E392B15393A00FD9078 /* FirebaseInstallations */; };
		FB9F1E3C2B15393A00FD9078 /* FirebaseStorage in Frameworks */ = {isa = PBXBuildFile; productRef = FB9F1E3B2B15393A00FD9078 /* FirebaseStorage */; };
		FB9F1E3E2B15393A00FD9078 /* FirebaseStorageCombine-Community in Frameworks */ = {isa = PBXBuildFile; productRef = FB9F1E3D2B15393A00FD9078 /* FirebaseStorageCombine-Community */; };
		FB9F1E402B159F6A00FD9078 /* OrientationInfo.swift in Sources */ = {isa = PBXBuildFile; fileRef = FB9F1E3F2B159F6A00FD9078 /* OrientationInfo.swift */; };
		FBA20A2F2B166FCE00045D1C /* MVSettingsView.swift in Sources */ = {isa = PBXBuildFile; fileRef = FBA20A2E2B166FCE00045D1C /* MVSettingsView.swift */; };
		FBA4FB572B15AA2700BF409E /* GlobalPositioning.swift in Sources */ = {isa = PBXBuildFile; fileRef = FBA4FB562B15AA2700BF409E /* GlobalPositioning.swift */; };
		FBB450002B04B7580096F8EB /* ColorProvider.swift in Sources */ = {isa = PBXBuildFile; fileRef = FBB44FFF2B04B7580096F8EB /* ColorProvider.swift */; };
		FBB450022B052B180096F8EB /* FireLiveData.swift in Sources */ = {isa = PBXBuildFile; fileRef = FBB450012B052B180096F8EB /* FireLiveData.swift */; };
		FBD9AFA82AFF00BF005F8620 /* LudiBoardsApp.swift in Sources */ = {isa = PBXBuildFile; fileRef = FBD9AFA72AFF00BF005F8620 /* LudiBoardsApp.swift */; };
		FBD9AFAA2AFF00BF005F8620 /* ContentView.swift in Sources */ = {isa = PBXBuildFile; fileRef = FBD9AFA92AFF00BF005F8620 /* ContentView.swift */; };
		FBD9AFAC2AFF00BF005F8620 /* Assets.xcassets in Resources */ = {isa = PBXBuildFile; fileRef = FBD9AFAB2AFF00BF005F8620 /* Assets.xcassets */; };
		FBD9AFAF2AFF00BF005F8620 /* Preview Assets.xcassets in Resources */ = {isa = PBXBuildFile; fileRef = FBD9AFAE2AFF00BF005F8620 /* Preview Assets.xcassets */; };
		FBD9AFB82AFF0253005F8620 /* GridLines.swift in Sources */ = {isa = PBXBuildFile; fileRef = FBD9AFB72AFF0253005F8620 /* GridLines.swift */; };
		FBD9AFBA2AFF03D7005F8620 /* CanvasEngine.swift in Sources */ = {isa = PBXBuildFile; fileRef = FBD9AFB92AFF03D7005F8620 /* CanvasEngine.swift */; };
		FBD9AFC02B00817A005F8620 /* ManagedView.swift in Sources */ = {isa = PBXBuildFile; fileRef = FBD9AFBF2B00817A005F8620 /* ManagedView.swift */; };
		FBD9AFC22B0081C1005F8620 /* RealmInstance.swift in Sources */ = {isa = PBXBuildFile; fileRef = FBD9AFC12B0081C1005F8620 /* RealmInstance.swift */; };
		FBD9AFC92B008435005F8620 /* ManagedViewAction.swift in Sources */ = {isa = PBXBuildFile; fileRef = FBD9AFC82B008435005F8620 /* ManagedViewAction.swift */; };
		FBD9AFCB2B00843F005F8620 /* BoardSession.swift in Sources */ = {isa = PBXBuildFile; fileRef = FBD9AFCA2B00843F005F8620 /* BoardSession.swift */; };
		FBD9AFCD2B008457005F8620 /* UserToActivity.swift in Sources */ = {isa = PBXBuildFile; fileRef = FBD9AFCC2B008457005F8620 /* UserToActivity.swift */; };
		FBD9AFD22B008CAB005F8620 /* MenuBarProvider.swift in Sources */ = {isa = PBXBuildFile; fileRef = FBD9AFD12B008CAB005F8620 /* MenuBarProvider.swift */; };
		FBD9AFD52B008F6F005F8620 /* Channels.swift in Sources */ = {isa = PBXBuildFile; fileRef = FBD9AFD42B008F6F005F8620 /* Channels.swift */; };
		FBD9AFD72B00BB8F005F8620 /* ManagedViewBoardTool.swift in Sources */ = {isa = PBXBuildFile; fileRef = FBD9AFD62B00BB8F005F8620 /* ManagedViewBoardTool.swift */; };
		FBD9AFD92B01CB91005F8620 /* SoccerToolProvider.swift in Sources */ = {isa = PBXBuildFile; fileRef = FBD9AFD82B01CB91005F8620 /* SoccerToolProvider.swift */; };
		FBE2C6142B1AC68D004C0116 /* SoccerFieldBG.swift in Sources */ = {isa = PBXBuildFile; fileRef = FBE2C6132B1AC68D004C0116 /* SoccerFieldBG.swift */; };
		FBE2C6172B1AF595004C0116 /* GrassFieldView.swift in Sources */ = {isa = PBXBuildFile; fileRef = FBE2C6162B1AF595004C0116 /* GrassFieldView.swift */; };
		FBE2C61A2B1AF7D5004C0116 /* FootballFieldView.swift in Sources */ = {isa = PBXBuildFile; fileRef = FBE2C6192B1AF7D5004C0116 /* FootballFieldView.swift */; };
		FBE2C61C2B1AF961004C0116 /* BoardBackgrounder.swift in Sources */ = {isa = PBXBuildFile; fileRef = FBE2C61B2B1AF961004C0116 /* BoardBackgrounder.swift */; };
		FBE2C6202B1AFD20004C0116 /* SessionPlanThumbView.swift in Sources */ = {isa = PBXBuildFile; fileRef = FBE2C61F2B1AFD20004C0116 /* SessionPlanThumbView.swift */; };
		FBE2C6222B1B1490004C0116 /* RealmChangeListener.swift in Sources */ = {isa = PBXBuildFile; fileRef = FBE2C6212B1B1490004C0116 /* RealmChangeListener.swift */; };
		FBE2C6242B1B2E01004C0116 /* SessionPlanOverview.swift in Sources */ = {isa = PBXBuildFile; fileRef = FBE2C6232B1B2E01004C0116 /* SessionPlanOverview.swift */; };
		FBE2C6262B1BD7BA004C0116 /* TipBoxView.swift in Sources */ = {isa = PBXBuildFile; fileRef = FBE2C6252B1BD7BA004C0116 /* TipBoxView.swift */; };
		FBE2C6282B1C26BF004C0116 /* StandardButton.swift in Sources */ = {isa = PBXBuildFile; fileRef = FBE2C6272B1C26BF004C0116 /* StandardButton.swift */; };
		FBE2C62A2B1C2B67004C0116 /* SharedPrefs.swift in Sources */ = {isa = PBXBuildFile; fileRef = FBE2C6292B1C2B67004C0116 /* SharedPrefs.swift */; };
		FBE2C62C2B1C3DBD004C0116 /* LoadingPopup.swift in Sources */ = {isa = PBXBuildFile; fileRef = FBE2C62B2B1C3DBD004C0116 /* LoadingPopup.swift */; };
		FBE2C62E2B1C3FDE004C0116 /* LoadingForm.swift in Sources */ = {isa = PBXBuildFile; fileRef = FBE2C62D2B1C3FDE004C0116 /* LoadingForm.swift */; };
		FBF404432B19304700FA0545 /* BorderedView.swift in Sources */ = {isa = PBXBuildFile; fileRef = FBF404422B19304700FA0545 /* BorderedView.swift */; };
/* End PBXBuildFile section */

/* Begin PBXFileReference section */
		FB07B66F2B17A5B9009A0962 /* mvModifier.swift */ = {isa = PBXFileReference; lastKnownFileType = sourcecode.swift; path = mvModifier.swift; sourceTree = "<group>"; };
		FB0AA5692B0BEBE1001AA316 /* TwoFingerPanView.swift */ = {isa = PBXFileReference; lastKnownFileType = sourcecode.swift; path = TwoFingerPanView.swift; sourceTree = "<group>"; };
		FB10AE042B0DC8E600295F4B /* Tips.swift */ = {isa = PBXFileReference; lastKnownFileType = sourcecode.swift; path = Tips.swift; sourceTree = "<group>"; };
		FB10AE062B0DCDB500295F4B /* FloatingEmoji.swift */ = {isa = PBXFileReference; lastKnownFileType = sourcecode.swift; path = FloatingEmoji.swift; sourceTree = "<group>"; };
		FB10AE082B0DD76C00295F4B /* EmojiProvider.swift */ = {isa = PBXFileReference; lastKnownFileType = sourcecode.swift; path = EmojiProvider.swift; sourceTree = "<group>"; };
		FB10AE0A2B0F162F00295F4B /* ActivityPlanThumbView.swift */ = {isa = PBXFileReference; lastKnownFileType = sourcecode.swift; path = ActivityPlanThumbView.swift; sourceTree = "<group>"; };
		FB10AE0C2B0F16B100295F4B /* ActivityPlanThumbList.swift */ = {isa = PBXFileReference; lastKnownFileType = sourcecode.swift; path = ActivityPlanThumbList.swift; sourceTree = "<group>"; };
		FB15DD262B07440700A21290 /* ViewWrapper.swift */ = {isa = PBXFileReference; lastKnownFileType = sourcecode.swift; path = ViewWrapper.swift; sourceTree = "<group>"; };
		FB15DD292B07443600A21290 /* BoardEngineView.swift */ = {isa = PBXFileReference; lastKnownFileType = sourcecode.swift; path = BoardEngineView.swift; sourceTree = "<group>"; };
		FB15DD2C2B0744A500A21290 /* CanvasEngineVM.swift */ = {isa = PBXFileReference; lastKnownFileType = sourcecode.swift; path = CanvasEngineVM.swift; sourceTree = "<group>"; };
		FB15DD2F2B0745DF00A21290 /* MenuBarIcon.swift */ = {isa = PBXFileReference; lastKnownFileType = sourcecode.swift; path = MenuBarIcon.swift; sourceTree = "<group>"; };
		FB15DD312B07461500A21290 /* MenuBarWindow.swift */ = {isa = PBXFileReference; lastKnownFileType = sourcecode.swift; path = MenuBarWindow.swift; sourceTree = "<group>"; };
		FB15DD332B074E6E00A21290 /* ChatUI.swift */ = {isa = PBXFileReference; lastKnownFileType = sourcecode.swift; path = ChatUI.swift; sourceTree = "<group>"; };
		FB15DD352B074F5C00A21290 /* Chat.swift */ = {isa = PBXFileReference; lastKnownFileType = sourcecode.swift; path = Chat.swift; sourceTree = "<group>"; };
		FB3E02A62B0C3A0C00D8558C /* SizeSlider.swift */ = {isa = PBXFileReference; lastKnownFileType = sourcecode.swift; path = SizeSlider.swift; sourceTree = "<group>"; };
		FB3E02A82B0C3B2C00D8558C /* RotationSlider.swift */ = {isa = PBXFileReference; lastKnownFileType = sourcecode.swift; path = RotationSlider.swift; sourceTree = "<group>"; };
		FB3E02AA2B0C3BFF00D8558C /* ColorSlider.swift */ = {isa = PBXFileReference; lastKnownFileType = sourcecode.swift; path = ColorSlider.swift; sourceTree = "<group>"; };
		FB3E02AC2B0C3CAB00D8558C /* PopupMenu.swift */ = {isa = PBXFileReference; lastKnownFileType = sourcecode.swift; path = PopupMenu.swift; sourceTree = "<group>"; };
		FB3E02AE2B0C6B1200D8558C /* SessionPlan.swift */ = {isa = PBXFileReference; lastKnownFileType = sourcecode.swift; path = SessionPlan.swift; sourceTree = "<group>"; };
		FB3E02B02B0C6B1D00D8558C /* ActivityPlan.swift */ = {isa = PBXFileReference; lastKnownFileType = sourcecode.swift; path = ActivityPlan.swift; sourceTree = "<group>"; };
		FB3E02B22B0C6B5100D8558C /* SessionPlanView.swift */ = {isa = PBXFileReference; lastKnownFileType = sourcecode.swift; path = SessionPlanView.swift; sourceTree = "<group>"; };
		FB3E02B42B0C6B6000D8558C /* ActivityPlanView.swift */ = {isa = PBXFileReference; lastKnownFileType = sourcecode.swift; path = ActivityPlanView.swift; sourceTree = "<group>"; };
		FB3E02B62B0C70D100D8558C /* InputField.swift */ = {isa = PBXFileReference; lastKnownFileType = sourcecode.swift; path = InputField.swift; sourceTree = "<group>"; };
		FB3E02B82B0C724A00D8558C /* BoardBgProvider.swift */ = {isa = PBXFileReference; lastKnownFileType = sourcecode.swift; path = BoardBgProvider.swift; sourceTree = "<group>"; };
		FB3E02BA2B0C90D700D8558C /* Buddy.swift */ = {isa = PBXFileReference; lastKnownFileType = sourcecode.swift; path = Buddy.swift; sourceTree = "<group>"; };
		FB3E02BC2B0C90E600D8558C /* BuddyListView.swift */ = {isa = PBXFileReference; lastKnownFileType = sourcecode.swift; path = BuddyListView.swift; sourceTree = "<group>"; };
		FB3E02BE2B0C948A00D8558C /* AddBuddyView.swift */ = {isa = PBXFileReference; lastKnownFileType = sourcecode.swift; path = AddBuddyView.swift; sourceTree = "<group>"; };
		FB3E02C02B0C9A6D00D8558C /* BuddyProfileView.swift */ = {isa = PBXFileReference; lastKnownFileType = sourcecode.swift; path = BuddyProfileView.swift; sourceTree = "<group>"; };
		FB3E02C22B0D19A300D8558C /* User.swift */ = {isa = PBXFileReference; lastKnownFileType = sourcecode.swift; path = User.swift; sourceTree = "<group>"; };
		FB3E02C42B0D2A8500D8558C /* ThumbnailListView.swift */ = {isa = PBXFileReference; lastKnownFileType = sourcecode.swift; path = ThumbnailListView.swift; sourceTree = "<group>"; };
		FB3E02C62B0D2C3100D8558C /* InputSwitch.swift */ = {isa = PBXFileReference; lastKnownFileType = sourcecode.swift; path = InputSwitch.swift; sourceTree = "<group>"; };
		FB3E02C82B0D2D8D00D8558C /* ExpandingTextEditor.swift */ = {isa = PBXFileReference; lastKnownFileType = sourcecode.swift; path = ExpandingTextEditor.swift; sourceTree = "<group>"; };
		FB3E02CA2B0D2E4700D8558C /* InputTextEditor.swift */ = {isa = PBXFileReference; lastKnownFileType = sourcecode.swift; path = InputTextEditor.swift; sourceTree = "<group>"; };
		FB4840952B1D43AD0003377A /* BarListPicker.swift */ = {isa = PBXFileReference; lastKnownFileType = sourcecode.swift; path = BarListPicker.swift; sourceTree = "<group>"; };
		FB4840972B1D66380003377A /* CurrentSession.swift */ = {isa = PBXFileReference; lastKnownFileType = sourcecode.swift; path = CurrentSession.swift; sourceTree = "<group>"; };
		FB4840992B1EBC940003377A /* Fields.swift */ = {isa = PBXFileReference; lastKnownFileType = sourcecode.swift; path = Fields.swift; sourceTree = "<group>"; };
		FB48409B2B1EBE8B0003377A /* StopWatch.swift */ = {isa = PBXFileReference; lastKnownFileType = sourcecode.swift; path = StopWatch.swift; sourceTree = "<group>"; };
		FB5094252B058215000AEA96 /* LazyRow.swift */ = {isa = PBXFileReference; lastKnownFileType = sourcecode.swift; path = LazyRow.swift; sourceTree = "<group>"; };
		FB5094272B0584CA000AEA96 /* ManagedViewWindow.swift */ = {isa = PBXFileReference; lastKnownFileType = sourcecode.swift; path = ManagedViewWindow.swift; sourceTree = "<group>"; };
		FB5094292B05856D000AEA96 /* LineToolView.swift */ = {isa = PBXFileReference; lastKnownFileType = sourcecode.swift; path = LineToolView.swift; sourceTree = "<group>"; };
		FB58A1B32B17D1420024B9A2 /* ToolBarView.swift */ = {isa = PBXFileReference; lastKnownFileType = sourcecode.swift; path = ToolBarView.swift; sourceTree = "<group>"; };
		FB58A1B52B1804C80024B9A2 /* FlashingLight.swift */ = {isa = PBXFileReference; lastKnownFileType = sourcecode.swift; path = FlashingLight.swift; sourceTree = "<group>"; };
		FB58E8752B01F3D200FD9E2E /* FireParser.swift */ = {isa = PBXFileReference; lastKnownFileType = sourcecode.swift; path = FireParser.swift; sourceTree = "<group>"; };
		FB58E8772B01F40300FD9E2E /* FireCore.swift */ = {isa = PBXFileReference; lastKnownFileType = sourcecode.swift; path = FireCore.swift; sourceTree = "<group>"; };
		FB58E87B2B02B1F000FD9E2E /* lineModifier.swift */ = {isa = PBXFileReference; lastKnownFileType = sourcecode.swift; path = lineModifier.swift; sourceTree = "<group>"; };
		FB58E87D2B02B21700FD9E2E /* CoreMods.swift */ = {isa = PBXFileReference; lastKnownFileType = sourcecode.swift; path = CoreMods.swift; sourceTree = "<group>"; };
		FB58E87F2B02B26C00FD9E2E /* DragAndDrop.swift */ = {isa = PBXFileReference; lastKnownFileType = sourcecode.swift; path = DragAndDrop.swift; sourceTree = "<group>"; };
		FB58E8812B030F1D00FD9E2E /* RealmFind.swift */ = {isa = PBXFileReference; lastKnownFileType = sourcecode.swift; path = RealmFind.swift; sourceTree = "<group>"; };
		FB58E8832B03169700FD9E2E /* TimeProvider.swift */ = {isa = PBXFileReference; lastKnownFileType = sourcecode.swift; path = TimeProvider.swift; sourceTree = "<group>"; };
		FB93BB162B033E2000864CB2 /* GoogleService-Info.plist */ = {isa = PBXFileReference; lastKnownFileType = text.plist; path = "GoogleService-Info.plist"; sourceTree = SOURCE_ROOT; };
		FB93BB1A2B03471C00864CB2 /* FireData.swift */ = {isa = PBXFileReference; lastKnownFileType = sourcecode.swift; path = FireData.swift; sourceTree = "<group>"; };
		FB982F902B19D1B900C0DA03 /* FirebaseService.swift */ = {isa = PBXFileReference; lastKnownFileType = sourcecode.swift; path = FirebaseService.swift; sourceTree = "<group>"; };
		FB9F1DCF2B1528FC00FD9078 /* Extensions.swift */ = {isa = PBXFileReference; lastKnownFileType = sourcecode.swift; path = Extensions.swift; sourceTree = "<group>"; };
		FB9F1DD12B1529E400FD9078 /* LoadingView.swift */ = {isa = PBXFileReference; lastKnownFileType = sourcecode.swift; path = LoadingView.swift; sourceTree = "<group>"; };
		FB9F1DD32B15307E00FD9078 /* UserSignUp.swift */ = {isa = PBXFileReference; lastKnownFileType = sourcecode.swift; path = UserSignUp.swift; sourceTree = "<group>"; };
		FB9F1DD52B1532AB00FD9078 /* ImagePicker.swift */ = {isa = PBXFileReference; lastKnownFileType = sourcecode.swift; path = ImagePicker.swift; sourceTree = "<group>"; };
		FB9F1DD82B1533C400FD9078 /* FirebaseLogin.swift */ = {isa = PBXFileReference; lastKnownFileType = sourcecode.swift; path = FirebaseLogin.swift; sourceTree = "<group>"; };
		FB9F1E3F2B159F6A00FD9078 /* OrientationInfo.swift */ = {isa = PBXFileReference; lastKnownFileType = sourcecode.swift; path = OrientationInfo.swift; sourceTree = "<group>"; };
		FBA20A2E2B166FCE00045D1C /* MVSettingsView.swift */ = {isa = PBXFileReference; lastKnownFileType = sourcecode.swift; path = MVSettingsView.swift; sourceTree = "<group>"; };
		FBA4FB562B15AA2700BF409E /* GlobalPositioning.swift */ = {isa = PBXFileReference; lastKnownFileType = sourcecode.swift; path = GlobalPositioning.swift; sourceTree = "<group>"; };
		FBB44FFF2B04B7580096F8EB /* ColorProvider.swift */ = {isa = PBXFileReference; lastKnownFileType = sourcecode.swift; path = ColorProvider.swift; sourceTree = "<group>"; };
		FBB450012B052B180096F8EB /* FireLiveData.swift */ = {isa = PBXFileReference; lastKnownFileType = sourcecode.swift; path = FireLiveData.swift; sourceTree = "<group>"; };
		FBD9AFA42AFF00BF005F8620 /* Ludi Boards.app */ = {isa = PBXFileReference; explicitFileType = wrapper.application; includeInIndex = 0; path = "Ludi Boards.app"; sourceTree = BUILT_PRODUCTS_DIR; };
		FBD9AFA72AFF00BF005F8620 /* LudiBoardsApp.swift */ = {isa = PBXFileReference; lastKnownFileType = sourcecode.swift; path = LudiBoardsApp.swift; sourceTree = "<group>"; };
		FBD9AFA92AFF00BF005F8620 /* ContentView.swift */ = {isa = PBXFileReference; lastKnownFileType = sourcecode.swift; path = ContentView.swift; sourceTree = "<group>"; };
		FBD9AFAB2AFF00BF005F8620 /* Assets.xcassets */ = {isa = PBXFileReference; lastKnownFileType = folder.assetcatalog; path = Assets.xcassets; sourceTree = "<group>"; };
		FBD9AFAE2AFF00BF005F8620 /* Preview Assets.xcassets */ = {isa = PBXFileReference; lastKnownFileType = folder.assetcatalog; path = "Preview Assets.xcassets"; sourceTree = "<group>"; };
		FBD9AFB72AFF0253005F8620 /* GridLines.swift */ = {isa = PBXFileReference; lastKnownFileType = sourcecode.swift; path = GridLines.swift; sourceTree = "<group>"; };
		FBD9AFB92AFF03D7005F8620 /* CanvasEngine.swift */ = {isa = PBXFileReference; lastKnownFileType = sourcecode.swift; path = CanvasEngine.swift; sourceTree = "<group>"; };
		FBD9AFBF2B00817A005F8620 /* ManagedView.swift */ = {isa = PBXFileReference; lastKnownFileType = sourcecode.swift; path = ManagedView.swift; sourceTree = "<group>"; };
		FBD9AFC12B0081C1005F8620 /* RealmInstance.swift */ = {isa = PBXFileReference; lastKnownFileType = sourcecode.swift; path = RealmInstance.swift; sourceTree = "<group>"; };
		FBD9AFC82B008435005F8620 /* ManagedViewAction.swift */ = {isa = PBXFileReference; lastKnownFileType = sourcecode.swift; path = ManagedViewAction.swift; sourceTree = "<group>"; };
		FBD9AFCA2B00843F005F8620 /* BoardSession.swift */ = {isa = PBXFileReference; lastKnownFileType = sourcecode.swift; path = BoardSession.swift; sourceTree = "<group>"; };
		FBD9AFCC2B008457005F8620 /* UserToActivity.swift */ = {isa = PBXFileReference; lastKnownFileType = sourcecode.swift; path = UserToActivity.swift; sourceTree = "<group>"; };
		FBD9AFD12B008CAB005F8620 /* MenuBarProvider.swift */ = {isa = PBXFileReference; lastKnownFileType = sourcecode.swift; path = MenuBarProvider.swift; sourceTree = "<group>"; };
		FBD9AFD42B008F6F005F8620 /* Channels.swift */ = {isa = PBXFileReference; lastKnownFileType = sourcecode.swift; path = Channels.swift; sourceTree = "<group>"; };
		FBD9AFD62B00BB8F005F8620 /* ManagedViewBoardTool.swift */ = {isa = PBXFileReference; lastKnownFileType = sourcecode.swift; path = ManagedViewBoardTool.swift; sourceTree = "<group>"; };
		FBD9AFD82B01CB91005F8620 /* SoccerToolProvider.swift */ = {isa = PBXFileReference; lastKnownFileType = sourcecode.swift; path = SoccerToolProvider.swift; sourceTree = "<group>"; };
		FBE2C6132B1AC68D004C0116 /* SoccerFieldBG.swift */ = {isa = PBXFileReference; lastKnownFileType = sourcecode.swift; path = SoccerFieldBG.swift; sourceTree = "<group>"; };
		FBE2C6162B1AF595004C0116 /* GrassFieldView.swift */ = {isa = PBXFileReference; lastKnownFileType = sourcecode.swift; path = GrassFieldView.swift; sourceTree = "<group>"; };
		FBE2C6192B1AF7D5004C0116 /* FootballFieldView.swift */ = {isa = PBXFileReference; lastKnownFileType = sourcecode.swift; path = FootballFieldView.swift; sourceTree = "<group>"; };
		FBE2C61B2B1AF961004C0116 /* BoardBackgrounder.swift */ = {isa = PBXFileReference; lastKnownFileType = sourcecode.swift; path = BoardBackgrounder.swift; sourceTree = "<group>"; };
		FBE2C61F2B1AFD20004C0116 /* SessionPlanThumbView.swift */ = {isa = PBXFileReference; lastKnownFileType = sourcecode.swift; path = SessionPlanThumbView.swift; sourceTree = "<group>"; };
		FBE2C6212B1B1490004C0116 /* RealmChangeListener.swift */ = {isa = PBXFileReference; lastKnownFileType = sourcecode.swift; path = RealmChangeListener.swift; sourceTree = "<group>"; };
		FBE2C6232B1B2E01004C0116 /* SessionPlanOverview.swift */ = {isa = PBXFileReference; lastKnownFileType = sourcecode.swift; path = SessionPlanOverview.swift; sourceTree = "<group>"; };
		FBE2C6252B1BD7BA004C0116 /* TipBoxView.swift */ = {isa = PBXFileReference; lastKnownFileType = sourcecode.swift; path = TipBoxView.swift; sourceTree = "<group>"; };
		FBE2C6272B1C26BF004C0116 /* StandardButton.swift */ = {isa = PBXFileReference; lastKnownFileType = sourcecode.swift; path = StandardButton.swift; sourceTree = "<group>"; };
		FBE2C6292B1C2B67004C0116 /* SharedPrefs.swift */ = {isa = PBXFileReference; lastKnownFileType = sourcecode.swift; path = SharedPrefs.swift; sourceTree = "<group>"; };
		FBE2C62B2B1C3DBD004C0116 /* LoadingPopup.swift */ = {isa = PBXFileReference; lastKnownFileType = sourcecode.swift; path = LoadingPopup.swift; sourceTree = "<group>"; };
		FBE2C62D2B1C3FDE004C0116 /* LoadingForm.swift */ = {isa = PBXFileReference; lastKnownFileType = sourcecode.swift; path = LoadingForm.swift; sourceTree = "<group>"; };
		FBF404422B19304700FA0545 /* BorderedView.swift */ = {isa = PBXFileReference; lastKnownFileType = sourcecode.swift; path = BorderedView.swift; sourceTree = "<group>"; };
/* End PBXFileReference section */

/* Begin PBXFrameworksBuildPhase section */
		FBD9AFA12AFF00BF005F8620 /* Frameworks */ = {
			isa = PBXFrameworksBuildPhase;
			buildActionMask = 2147483647;
			files = (
				FB9F1E3E2B15393A00FD9078 /* FirebaseStorageCombine-Community in Frameworks */,
				FB9F1E152B1538F500FD9078 /* RealmSwift in Frameworks */,
				FB9F1E342B15393A00FD9078 /* FirebaseFirestoreSwift in Frameworks */,
				FB9F1E1E2B15393A00FD9078 /* FirebaseAnalyticsWithoutAdIdSupport in Frameworks */,
				FB9F1E132B1538F500FD9078 /* Realm in Frameworks */,
				FB9F1E182B15393A00FD9078 /* FirebaseAnalytics in Frameworks */,
				FB9F1E242B15393A00FD9078 /* FirebaseAuth in Frameworks */,
				FB9F1E2E2B15393A00FD9078 /* FirebaseDynamicLinks in Frameworks */,
				FB9F1E282B15393A00FD9078 /* FirebaseCrashlytics in Frameworks */,
				FB9F1E2C2B15393A00FD9078 /* FirebaseDatabaseSwift in Frameworks */,
				FB9F1E302B15393A00FD9078 /* FirebaseFirestore in Frameworks */,
				FB9F1E322B15393A00FD9078 /* FirebaseFirestoreCombine-Community in Frameworks */,
				FB9F1E3C2B15393A00FD9078 /* FirebaseStorage in Frameworks */,
				FB9F1E362B15393A00FD9078 /* FirebaseInAppMessaging-Beta in Frameworks */,
				FB9F1E2A2B15393A00FD9078 /* FirebaseDatabase in Frameworks */,
				FB9F1E202B15393A00FD9078 /* FirebaseAppCheck in Frameworks */,
				FB9F1E1A2B15393A00FD9078 /* FirebaseAnalyticsOnDeviceConversion in Frameworks */,
				FB9F1E1C2B15393A00FD9078 /* FirebaseAnalyticsSwift in Frameworks */,
				FB9F1E382B15393A00FD9078 /* FirebaseInAppMessagingSwift-Beta in Frameworks */,
				FB9F1E222B15393A00FD9078 /* FirebaseAppDistribution-Beta in Frameworks */,
				FB9F1E262B15393A00FD9078 /* FirebaseAuthCombine-Community in Frameworks */,
				FB9F1E3A2B15393A00FD9078 /* FirebaseInstallations in Frameworks */,
			);
			runOnlyForDeploymentPostprocessing = 0;
		};
/* End PBXFrameworksBuildPhase section */

/* Begin PBXGroup section */
		FB0AA5682B0BEBD3001AA316 /* Gestures */ = {
			isa = PBXGroup;
			children = (
				FB0AA5692B0BEBE1001AA316 /* TwoFingerPanView.swift */,
			);
			path = Gestures;
			sourceTree = "<group>";
		};
		FB15DD282B07442600A21290 /* BoardEngine */ = {
			isa = PBXGroup;
			children = (
				FB15DD292B07443600A21290 /* BoardEngineView.swift */,
				FB3E02A62B0C3A0C00D8558C /* SizeSlider.swift */,
				FB3E02A82B0C3B2C00D8558C /* RotationSlider.swift */,
				FB3E02AA2B0C3BFF00D8558C /* ColorSlider.swift */,
				FB3E02AC2B0C3CAB00D8558C /* PopupMenu.swift */,
			);
			path = BoardEngine;
			sourceTree = "<group>";
		};
		FB15DD2B2B07448B00A21290 /* CanvasEngine */ = {
			isa = PBXGroup;
			children = (
				FB0AA5682B0BEBD3001AA316 /* Gestures */,
				FB15DD2E2B0745C900A21290 /* MenuBar */,
				FBD9AFB92AFF03D7005F8620 /* CanvasEngine.swift */,
				FB15DD2C2B0744A500A21290 /* CanvasEngineVM.swift */,
				FB9F1E3F2B159F6A00FD9078 /* OrientationInfo.swift */,
			);
			path = CanvasEngine;
			sourceTree = "<group>";
		};
		FB15DD2E2B0745C900A21290 /* MenuBar */ = {
			isa = PBXGroup;
			children = (
				FBD9AFD12B008CAB005F8620 /* MenuBarProvider.swift */,
				FB15DD2F2B0745DF00A21290 /* MenuBarIcon.swift */,
				FB15DD312B07461500A21290 /* MenuBarWindow.swift */,
			);
			path = MenuBar;
			sourceTree = "<group>";
		};
		FB3E02CC2B0D45F000D8558C /* NavViews */ = {
			isa = PBXGroup;
			children = (
				FB3E02B22B0C6B5100D8558C /* SessionPlanView.swift */,
				FB3E02B42B0C6B6000D8558C /* ActivityPlanView.swift */,
				FB15DD332B074E6E00A21290 /* ChatUI.swift */,
				FBA20A2E2B166FCE00045D1C /* MVSettingsView.swift */,
				FB58A1B32B17D1420024B9A2 /* ToolBarView.swift */,
			);
			path = NavViews;
			sourceTree = "<group>";
		};
		FB3E02CD2B0D45FF00D8558C /* Components */ = {
			isa = PBXGroup;
			children = (
				FB3E02CA2B0D2E4700D8558C /* InputTextEditor.swift */,
				FB3E02C82B0D2D8D00D8558C /* ExpandingTextEditor.swift */,
				FB3E02C62B0D2C3100D8558C /* InputSwitch.swift */,
				FB3E02C42B0D2A8500D8558C /* ThumbnailListView.swift */,
				FB3E02B62B0C70D100D8558C /* InputField.swift */,
				FB15DD262B07440700A21290 /* ViewWrapper.swift */,
				FB5094252B058215000AEA96 /* LazyRow.swift */,
				FBE2C6272B1C26BF004C0116 /* StandardButton.swift */,
				FBE2C62B2B1C3DBD004C0116 /* LoadingPopup.swift */,
				FBE2C62D2B1C3FDE004C0116 /* LoadingForm.swift */,
				FB4840952B1D43AD0003377A /* BarListPicker.swift */,
			);
			path = Components;
			sourceTree = "<group>";
		};
		FB5094242B05820B000AEA96 /* views */ = {
			isa = PBXGroup;
			children = (
				FBE2C61E2B1AFCA2004C0116 /* Social */,
				FBE2C61D2B1AFC8F004C0116 /* SessionPlan */,
				FBE2C6152B1AF584004C0116 /* Backgrounds */,
				FB9F1DD72B1533B300FD9078 /* SignUp */,
				FB3E02CD2B0D45FF00D8558C /* Components */,
				FB3E02CC2B0D45F000D8558C /* NavViews */,
				FB10AE042B0DC8E600295F4B /* Tips.swift */,
				FB10AE062B0DCDB500295F4B /* FloatingEmoji.swift */,
				FB9F1DD12B1529E400FD9078 /* LoadingView.swift */,
				FB9F1DD52B1532AB00FD9078 /* ImagePicker.swift */,
				FB58A1B52B1804C80024B9A2 /* FlashingLight.swift */,
				FBF404422B19304700FA0545 /* BorderedView.swift */,
				FBE2C6252B1BD7BA004C0116 /* TipBoxView.swift */,
			);
			path = views;
			sourceTree = "<group>";
		};
		FB58E8792B01F59700FD9E2E /* models */ = {
			isa = PBXGroup;
			children = (
				FB4840972B1D66380003377A /* CurrentSession.swift */,
				FBD9AFC82B008435005F8620 /* ManagedViewAction.swift */,
				FBD9AFCC2B008457005F8620 /* UserToActivity.swift */,
				FBD9AFCA2B00843F005F8620 /* BoardSession.swift */,
				FBD9AFBF2B00817A005F8620 /* ManagedView.swift */,
				FB15DD352B074F5C00A21290 /* Chat.swift */,
				FB3E02AE2B0C6B1200D8558C /* SessionPlan.swift */,
				FB3E02B02B0C6B1D00D8558C /* ActivityPlan.swift */,
				FB3E02BA2B0C90D700D8558C /* Buddy.swift */,
				FB3E02C22B0D19A300D8558C /* User.swift */,
			);
			path = models;
			sourceTree = "<group>";
		};
		FB58E87A2B02B1E200FD9E2E /* modifiers */ = {
			isa = PBXGroup;
			children = (
				FB58E87B2B02B1F000FD9E2E /* lineModifier.swift */,
				FB58E87F2B02B26C00FD9E2E /* DragAndDrop.swift */,
				FB58E87D2B02B21700FD9E2E /* CoreMods.swift */,
			);
			path = modifiers;
			sourceTree = "<group>";
		};
		FB982F8F2B19C41100C0DA03 /* LiveViews */ = {
			isa = PBXGroup;
			children = (
				FB07B66F2B17A5B9009A0962 /* mvModifier.swift */,
				FB5094292B05856D000AEA96 /* LineToolView.swift */,
			);
			path = LiveViews;
			sourceTree = "<group>";
		};
		FB9F1DD72B1533B300FD9078 /* SignUp */ = {
			isa = PBXGroup;
			children = (
				FB9F1DD82B1533C400FD9078 /* FirebaseLogin.swift */,
				FB9F1DD32B15307E00FD9078 /* UserSignUp.swift */,
			);
			path = SignUp;
			sourceTree = "<group>";
		};
		FBD9AF9B2AFF00BE005F8620 = {
			isa = PBXGroup;
			children = (
				FBD9AFA62AFF00BF005F8620 /* Ludi Boards */,
				FBD9AFA52AFF00BF005F8620 /* Products */,
			);
			sourceTree = "<group>";
		};
		FBD9AFA52AFF00BF005F8620 /* Products */ = {
			isa = PBXGroup;
			children = (
				FBD9AFA42AFF00BF005F8620 /* Ludi Boards.app */,
			);
			name = Products;
			sourceTree = "<group>";
		};
		FBD9AFA62AFF00BF005F8620 /* Ludi Boards */ = {
			isa = PBXGroup;
			children = (
				FB15DD2B2B07448B00A21290 /* CanvasEngine */,
				FB15DD282B07442600A21290 /* BoardEngine */,
				FB5094242B05820B000AEA96 /* views */,
				FB93BB162B033E2000864CB2 /* GoogleService-Info.plist */,
				FBD9AFD32B008F5C005F8620 /* Providers */,
				FBD9AFCE2B008A6C005F8620 /* ManagedViews */,
				FBD9AFBE2B008167005F8620 /* Firebase */,
				FBD9AFBD2B008159005F8620 /* Realm */,
				FBD9AFA72AFF00BF005F8620 /* LudiBoardsApp.swift */,
				FBD9AFA92AFF00BF005F8620 /* ContentView.swift */,
				FBD9AFAB2AFF00BF005F8620 /* Assets.xcassets */,
				FBD9AFAD2AFF00BF005F8620 /* Preview Content */,
				FBD9AFB72AFF0253005F8620 /* GridLines.swift */,
				FB9F1DCF2B1528FC00FD9078 /* Extensions.swift */,
			);
			path = "Ludi Boards";
			sourceTree = "<group>";
		};
		FBD9AFAD2AFF00BF005F8620 /* Preview Content */ = {
			isa = PBXGroup;
			children = (
				FBD9AFAE2AFF00BF005F8620 /* Preview Assets.xcassets */,
			);
			path = "Preview Content";
			sourceTree = "<group>";
		};
		FBD9AFBD2B008159005F8620 /* Realm */ = {
			isa = PBXGroup;
			children = (
				FB58E8792B01F59700FD9E2E /* models */,
				FBD9AFC12B0081C1005F8620 /* RealmInstance.swift */,
				FB58E8812B030F1D00FD9E2E /* RealmFind.swift */,
				FBE2C6212B1B1490004C0116 /* RealmChangeListener.swift */,
			);
			path = Realm;
			sourceTree = "<group>";
		};
		FBD9AFBE2B008167005F8620 /* Firebase */ = {
			isa = PBXGroup;
			children = (
				FB58E8752B01F3D200FD9E2E /* FireParser.swift */,
				FB58E8772B01F40300FD9E2E /* FireCore.swift */,
				FB93BB1A2B03471C00864CB2 /* FireData.swift */,
				FBB450012B052B180096F8EB /* FireLiveData.swift */,
				FB982F902B19D1B900C0DA03 /* FirebaseService.swift */,
			);
			path = Firebase;
			sourceTree = "<group>";
		};
		FBD9AFCE2B008A6C005F8620 /* ManagedViews */ = {
			isa = PBXGroup;
			children = (
				FB982F8F2B19C41100C0DA03 /* LiveViews */,
				FB58E87A2B02B1E200FD9E2E /* modifiers */,
				FBD9AFD62B00BB8F005F8620 /* ManagedViewBoardTool.swift */,
				FB5094272B0584CA000AEA96 /* ManagedViewWindow.swift */,
			);
			path = ManagedViews;
			sourceTree = "<group>";
		};
		FBD9AFD32B008F5C005F8620 /* Providers */ = {
			isa = PBXGroup;
			children = (
				FBD9AFD42B008F6F005F8620 /* Channels.swift */,
				FBD9AFD82B01CB91005F8620 /* SoccerToolProvider.swift */,
				FB58E8832B03169700FD9E2E /* TimeProvider.swift */,
				FBB44FFF2B04B7580096F8EB /* ColorProvider.swift */,
				FB3E02B82B0C724A00D8558C /* BoardBgProvider.swift */,
				FB10AE082B0DD76C00295F4B /* EmojiProvider.swift */,
				FBA4FB562B15AA2700BF409E /* GlobalPositioning.swift */,
				FBE2C6292B1C2B67004C0116 /* SharedPrefs.swift */,
			);
			path = Providers;
			sourceTree = "<group>";
		};
		FBE2C6152B1AF584004C0116 /* Backgrounds */ = {
			isa = PBXGroup;
			children = (
				FBE2C6182B1AF764004C0116 /* Soccer */,
				FBE2C6162B1AF595004C0116 /* GrassFieldView.swift */,
				FBE2C6192B1AF7D5004C0116 /* FootballFieldView.swift */,
				FBE2C61B2B1AF961004C0116 /* BoardBackgrounder.swift */,
				FB4840992B1EBC940003377A /* Fields.swift */,
			);
			path = Backgrounds;
			sourceTree = "<group>";
		};
		FBE2C6182B1AF764004C0116 /* Soccer */ = {
			isa = PBXGroup;
			children = (
				FBE2C6132B1AC68D004C0116 /* SoccerFieldBG.swift */,
			);
			path = Soccer;
			sourceTree = "<group>";
		};
		FBE2C61D2B1AFC8F004C0116 /* SessionPlan */ = {
			isa = PBXGroup;
			children = (
				FBE2C61F2B1AFD20004C0116 /* SessionPlanThumbView.swift */,
				FB10AE0A2B0F162F00295F4B /* ActivityPlanThumbView.swift */,
				FB10AE0C2B0F16B100295F4B /* ActivityPlanThumbList.swift */,
				FBE2C6232B1B2E01004C0116 /* SessionPlanOverview.swift */,
				FB48409B2B1EBE8B0003377A /* StopWatch.swift */,
			);
			path = SessionPlan;
			sourceTree = "<group>";
		};
		FBE2C61E2B1AFCA2004C0116 /* Social */ = {
			isa = PBXGroup;
			children = (
				FB3E02C02B0C9A6D00D8558C /* BuddyProfileView.swift */,
				FB3E02BE2B0C948A00D8558C /* AddBuddyView.swift */,
				FB3E02BC2B0C90E600D8558C /* BuddyListView.swift */,
			);
			path = Social;
			sourceTree = "<group>";
		};
/* End PBXGroup section */

/* Begin PBXNativeTarget section */
		FBD9AFA32AFF00BF005F8620 /* Ludi Boards */ = {
			isa = PBXNativeTarget;
			buildConfigurationList = FBD9AFB22AFF00BF005F8620 /* Build configuration list for PBXNativeTarget "Ludi Boards" */;
			buildPhases = (
				FBD9AFA02AFF00BF005F8620 /* Sources */,
				FBD9AFA12AFF00BF005F8620 /* Frameworks */,
				FBD9AFA22AFF00BF005F8620 /* Resources */,
			);
			buildRules = (
			);
			dependencies = (
			);
			name = "Ludi Boards";
			packageProductDependencies = (
				FB9F1E122B1538F500FD9078 /* Realm */,
				FB9F1E142B1538F500FD9078 /* RealmSwift */,
				FB9F1E172B15393A00FD9078 /* FirebaseAnalytics */,
				FB9F1E192B15393A00FD9078 /* FirebaseAnalyticsOnDeviceConversion */,
				FB9F1E1B2B15393A00FD9078 /* FirebaseAnalyticsSwift */,
				FB9F1E1D2B15393A00FD9078 /* FirebaseAnalyticsWithoutAdIdSupport */,
				FB9F1E1F2B15393A00FD9078 /* FirebaseAppCheck */,
				FB9F1E212B15393A00FD9078 /* FirebaseAppDistribution-Beta */,
				FB9F1E232B15393A00FD9078 /* FirebaseAuth */,
				FB9F1E252B15393A00FD9078 /* FirebaseAuthCombine-Community */,
				FB9F1E272B15393A00FD9078 /* FirebaseCrashlytics */,
				FB9F1E292B15393A00FD9078 /* FirebaseDatabase */,
				FB9F1E2B2B15393A00FD9078 /* FirebaseDatabaseSwift */,
				FB9F1E2D2B15393A00FD9078 /* FirebaseDynamicLinks */,
				FB9F1E2F2B15393A00FD9078 /* FirebaseFirestore */,
				FB9F1E312B15393A00FD9078 /* FirebaseFirestoreCombine-Community */,
				FB9F1E332B15393A00FD9078 /* FirebaseFirestoreSwift */,
				FB9F1E352B15393A00FD9078 /* FirebaseInAppMessaging-Beta */,
				FB9F1E372B15393A00FD9078 /* FirebaseInAppMessagingSwift-Beta */,
				FB9F1E392B15393A00FD9078 /* FirebaseInstallations */,
				FB9F1E3B2B15393A00FD9078 /* FirebaseStorage */,
				FB9F1E3D2B15393A00FD9078 /* FirebaseStorageCombine-Community */,
			);
			productName = "Ludi Boards";
			productReference = FBD9AFA42AFF00BF005F8620 /* Ludi Boards.app */;
			productType = "com.apple.product-type.application";
		};
/* End PBXNativeTarget section */

/* Begin PBXProject section */
		FBD9AF9C2AFF00BE005F8620 /* Project object */ = {
			isa = PBXProject;
			attributes = {
				BuildIndependentTargetsInParallel = 1;
				LastSwiftUpdateCheck = 1500;
				LastUpgradeCheck = 1500;
				TargetAttributes = {
					FBD9AFA32AFF00BF005F8620 = {
						CreatedOnToolsVersion = 15.0.1;
					};
				};
			};
			buildConfigurationList = FBD9AF9F2AFF00BE005F8620 /* Build configuration list for PBXProject "Ludi Boards" */;
			compatibilityVersion = "Xcode 14.0";
			developmentRegion = en;
			hasScannedForEncodings = 0;
			knownRegions = (
				en,
				Base,
			);
			mainGroup = FBD9AF9B2AFF00BE005F8620;
			packageReferences = (
				FB9F1E112B1538F500FD9078 /* XCRemoteSwiftPackageReference "realm-swift" */,
				FB9F1E162B15393A00FD9078 /* XCRemoteSwiftPackageReference "firebase-ios-sdk" */,
			);
			productRefGroup = FBD9AFA52AFF00BF005F8620 /* Products */;
			projectDirPath = "";
			projectRoot = "";
			targets = (
				FBD9AFA32AFF00BF005F8620 /* Ludi Boards */,
			);
		};
/* End PBXProject section */

/* Begin PBXResourcesBuildPhase section */
		FBD9AFA22AFF00BF005F8620 /* Resources */ = {
			isa = PBXResourcesBuildPhase;
			buildActionMask = 2147483647;
			files = (
				FBD9AFAF2AFF00BF005F8620 /* Preview Assets.xcassets in Resources */,
				FBD9AFAC2AFF00BF005F8620 /* Assets.xcassets in Resources */,
				FB93BB172B033E2000864CB2 /* GoogleService-Info.plist in Resources */,
			);
			runOnlyForDeploymentPostprocessing = 0;
		};
/* End PBXResourcesBuildPhase section */

/* Begin PBXSourcesBuildPhase section */
		FBD9AFA02AFF00BF005F8620 /* Sources */ = {
			isa = PBXSourcesBuildPhase;
			buildActionMask = 2147483647;
			files = (
				FB15DD342B074E6E00A21290 /* ChatUI.swift in Sources */,
				FB10AE052B0DC8E600295F4B /* Tips.swift in Sources */,
				FBD9AFAA2AFF00BF005F8620 /* ContentView.swift in Sources */,
				FB9F1DD62B1532AB00FD9078 /* ImagePicker.swift in Sources */,
				FB3E02AB2B0C3BFF00D8558C /* ColorSlider.swift in Sources */,
				FB58E8842B03169700FD9E2E /* TimeProvider.swift in Sources */,
				FBF404432B19304700FA0545 /* BorderedView.swift in Sources */,
				FB58E8822B030F1D00FD9E2E /* RealmFind.swift in Sources */,
				FBE2C6242B1B2E01004C0116 /* SessionPlanOverview.swift in Sources */,
				FBD9AFC92B008435005F8620 /* ManagedViewAction.swift in Sources */,
				FB9F1DD92B1533C400FD9078 /* FirebaseLogin.swift in Sources */,
				FB9F1E402B159F6A00FD9078 /* OrientationInfo.swift in Sources */,
				FB58E87C2B02B1F100FD9E2E /* lineModifier.swift in Sources */,
				FBD9AFC02B00817A005F8620 /* ManagedView.swift in Sources */,
				FBD9AFCD2B008457005F8620 /* UserToActivity.swift in Sources */,
				FB4840962B1D43AD0003377A /* BarListPicker.swift in Sources */,
				FB3E02B12B0C6B1D00D8558C /* ActivityPlan.swift in Sources */,
				FB3E02AD2B0C3CAB00D8558C /* PopupMenu.swift in Sources */,
				FB3E02BD2B0C90E600D8558C /* BuddyListView.swift in Sources */,
				FBD9AFD22B008CAB005F8620 /* MenuBarProvider.swift in Sources */,
				FBD9AFD92B01CB91005F8620 /* SoccerToolProvider.swift in Sources */,
				FBD9AFA82AFF00BF005F8620 /* LudiBoardsApp.swift in Sources */,
				FBE2C62A2B1C2B67004C0116 /* SharedPrefs.swift in Sources */,
				FB15DD302B0745DF00A21290 /* MenuBarIcon.swift in Sources */,
				FBE2C6202B1AFD20004C0116 /* SessionPlanThumbView.swift in Sources */,
				FB93BB1B2B03471C00864CB2 /* FireData.swift in Sources */,
				FB58A1B42B17D1420024B9A2 /* ToolBarView.swift in Sources */,
				FBB450002B04B7580096F8EB /* ColorProvider.swift in Sources */,
				FBD9AFCB2B00843F005F8620 /* BoardSession.swift in Sources */,
				FBE2C61C2B1AF961004C0116 /* BoardBackgrounder.swift in Sources */,
				FB9F1DD42B15307E00FD9078 /* UserSignUp.swift in Sources */,
				FBE2C6282B1C26BF004C0116 /* StandardButton.swift in Sources */,
				FBD9AFC22B0081C1005F8620 /* RealmInstance.swift in Sources */,
				FB48409C2B1EBE8B0003377A /* StopWatch.swift in Sources */,
				FB58E8782B01F40300FD9E2E /* FireCore.swift in Sources */,
				FB3E02B52B0C6B6000D8558C /* ActivityPlanView.swift in Sources */,
				FBE2C6222B1B1490004C0116 /* RealmChangeListener.swift in Sources */,
				FB3E02B92B0C724A00D8558C /* BoardBgProvider.swift in Sources */,
				FB15DD322B07461500A21290 /* MenuBarWindow.swift in Sources */,
				FBD9AFD72B00BB8F005F8620 /* ManagedViewBoardTool.swift in Sources */,
				FB3E02B72B0C70D100D8558C /* InputField.swift in Sources */,
				FB15DD362B074F5C00A21290 /* Chat.swift in Sources */,
				FB15DD2D2B0744A500A21290 /* CanvasEngineVM.swift in Sources */,
				FB3E02C32B0D19A300D8558C /* User.swift in Sources */,
				FB5094282B0584CA000AEA96 /* ManagedViewWindow.swift in Sources */,
				FB3E02C12B0C9A6D00D8558C /* BuddyProfileView.swift in Sources */,
				FBD9AFB82AFF0253005F8620 /* GridLines.swift in Sources */,
				FBE2C6262B1BD7BA004C0116 /* TipBoxView.swift in Sources */,
				FB3E02BB2B0C90D700D8558C /* Buddy.swift in Sources */,
				FB10AE0B2B0F162F00295F4B /* ActivityPlanThumbView.swift in Sources */,
				FBE2C6172B1AF595004C0116 /* GrassFieldView.swift in Sources */,
				FB50942A2B05856D000AEA96 /* LineToolView.swift in Sources */,
				FB3E02AF2B0C6B1200D8558C /* SessionPlan.swift in Sources */,
				FBA20A2F2B166FCE00045D1C /* MVSettingsView.swift in Sources */,
				FB58A1B62B1804C80024B9A2 /* FlashingLight.swift in Sources */,
				FB3E02A72B0C3A0C00D8558C /* SizeSlider.swift in Sources */,
				FB3E02B32B0C6B5100D8558C /* SessionPlanView.swift in Sources */,
				FB3E02CB2B0D2E4700D8558C /* InputTextEditor.swift in Sources */,
				FB15DD272B07440700A21290 /* ViewWrapper.swift in Sources */,
				FBD9AFBA2AFF03D7005F8620 /* CanvasEngine.swift in Sources */,
				FB58E8762B01F3D200FD9E2E /* FireParser.swift in Sources */,
				FB5094262B058215000AEA96 /* LazyRow.swift in Sources */,
				FB3E02C92B0D2D8D00D8558C /* ExpandingTextEditor.swift in Sources */,
				FB3E02C72B0D2C3100D8558C /* InputSwitch.swift in Sources */,
				FB10AE072B0DCDB500295F4B /* FloatingEmoji.swift in Sources */,
				FB3E02C52B0D2A8500D8558C /* ThumbnailListView.swift in Sources */,
				FBE2C62C2B1C3DBD004C0116 /* LoadingPopup.swift in Sources */,
				FBE2C61A2B1AF7D5004C0116 /* FootballFieldView.swift in Sources */,
				FBD9AFD52B008F6F005F8620 /* Channels.swift in Sources */,
				FB982F912B19D1B900C0DA03 /* FirebaseService.swift in Sources */,
				FB3E02BF2B0C948A00D8558C /* AddBuddyView.swift in Sources */,
				FB48409A2B1EBC940003377A /* Fields.swift in Sources */,
				FB10AE0D2B0F16B100295F4B /* ActivityPlanThumbList.swift in Sources */,
				FB07B6702B17A5B9009A0962 /* mvModifier.swift in Sources */,
				FB15DD2A2B07443600A21290 /* BoardEngineView.swift in Sources */,
				FB3E02A92B0C3B2C00D8558C /* RotationSlider.swift in Sources */,
				FB9F1DD22B1529E400FD9078 /* LoadingView.swift in Sources */,
				FBB450022B052B180096F8EB /* FireLiveData.swift in Sources */,
				FBA4FB572B15AA2700BF409E /* GlobalPositioning.swift in Sources */,
				FB9F1DD02B1528FC00FD9078 /* Extensions.swift in Sources */,
				FBE2C62E2B1C3FDE004C0116 /* LoadingForm.swift in Sources */,
				FB0AA56A2B0BEBE1001AA316 /* TwoFingerPanView.swift in Sources */,
				FBE2C6142B1AC68D004C0116 /* SoccerFieldBG.swift in Sources */,
				FB58E8802B02B26C00FD9E2E /* DragAndDrop.swift in Sources */,
				FB4840982B1D66380003377A /* CurrentSession.swift in Sources */,
				FB58E87E2B02B21700FD9E2E /* CoreMods.swift in Sources */,
				FB10AE092B0DD76C00295F4B /* EmojiProvider.swift in Sources */,
			);
			runOnlyForDeploymentPostprocessing = 0;
		};
/* End PBXSourcesBuildPhase section */

/* Begin XCBuildConfiguration section */
		FBD9AFB02AFF00BF005F8620 /* Debug */ = {
			isa = XCBuildConfiguration;
			buildSettings = {
				ALWAYS_SEARCH_USER_PATHS = NO;
				ASSETCATALOG_COMPILER_GENERATE_SWIFT_ASSET_SYMBOL_EXTENSIONS = YES;
				CLANG_ANALYZER_NONNULL = YES;
				CLANG_ANALYZER_NUMBER_OBJECT_CONVERSION = YES_AGGRESSIVE;
				CLANG_CXX_LANGUAGE_STANDARD = "gnu++20";
				CLANG_ENABLE_MODULES = YES;
				CLANG_ENABLE_OBJC_ARC = YES;
				CLANG_ENABLE_OBJC_WEAK = YES;
				CLANG_WARN_BLOCK_CAPTURE_AUTORELEASING = YES;
				CLANG_WARN_BOOL_CONVERSION = YES;
				CLANG_WARN_COMMA = YES;
				CLANG_WARN_CONSTANT_CONVERSION = YES;
				CLANG_WARN_DEPRECATED_OBJC_IMPLEMENTATIONS = YES;
				CLANG_WARN_DIRECT_OBJC_ISA_USAGE = YES_ERROR;
				CLANG_WARN_DOCUMENTATION_COMMENTS = YES;
				CLANG_WARN_EMPTY_BODY = YES;
				CLANG_WARN_ENUM_CONVERSION = YES;
				CLANG_WARN_INFINITE_RECURSION = YES;
				CLANG_WARN_INT_CONVERSION = YES;
				CLANG_WARN_NON_LITERAL_NULL_CONVERSION = YES;
				CLANG_WARN_OBJC_IMPLICIT_RETAIN_SELF = YES;
				CLANG_WARN_OBJC_LITERAL_CONVERSION = YES;
				CLANG_WARN_OBJC_ROOT_CLASS = YES_ERROR;
				CLANG_WARN_QUOTED_INCLUDE_IN_FRAMEWORK_HEADER = YES;
				CLANG_WARN_RANGE_LOOP_ANALYSIS = YES;
				CLANG_WARN_STRICT_PROTOTYPES = YES;
				CLANG_WARN_SUSPICIOUS_MOVE = YES;
				CLANG_WARN_UNGUARDED_AVAILABILITY = YES_AGGRESSIVE;
				CLANG_WARN_UNREACHABLE_CODE = YES;
				CLANG_WARN__DUPLICATE_METHOD_MATCH = YES;
				COPY_PHASE_STRIP = NO;
				DEBUG_INFORMATION_FORMAT = dwarf;
				ENABLE_STRICT_OBJC_MSGSEND = YES;
				ENABLE_TESTABILITY = YES;
				ENABLE_USER_SCRIPT_SANDBOXING = YES;
				GCC_C_LANGUAGE_STANDARD = gnu17;
				GCC_DYNAMIC_NO_PIC = NO;
				GCC_NO_COMMON_BLOCKS = YES;
				GCC_OPTIMIZATION_LEVEL = 0;
				GCC_PREPROCESSOR_DEFINITIONS = (
					"DEBUG=1",
					"$(inherited)",
				);
				GCC_WARN_64_TO_32_BIT_CONVERSION = YES;
				GCC_WARN_ABOUT_RETURN_TYPE = YES_ERROR;
				GCC_WARN_UNDECLARED_SELECTOR = YES;
				GCC_WARN_UNINITIALIZED_AUTOS = YES_AGGRESSIVE;
				GCC_WARN_UNUSED_FUNCTION = YES;
				GCC_WARN_UNUSED_VARIABLE = YES;
				IPHONEOS_DEPLOYMENT_TARGET = 17.0;
				LOCALIZATION_PREFERS_STRING_CATALOGS = YES;
				MTL_ENABLE_DEBUG_INFO = INCLUDE_SOURCE;
				MTL_FAST_MATH = YES;
				ONLY_ACTIVE_ARCH = YES;
				SDKROOT = iphoneos;
				SWIFT_ACTIVE_COMPILATION_CONDITIONS = "DEBUG $(inherited)";
				SWIFT_OPTIMIZATION_LEVEL = "-Onone";
			};
			name = Debug;
		};
		FBD9AFB12AFF00BF005F8620 /* Release */ = {
			isa = XCBuildConfiguration;
			buildSettings = {
				ALWAYS_SEARCH_USER_PATHS = NO;
				ASSETCATALOG_COMPILER_GENERATE_SWIFT_ASSET_SYMBOL_EXTENSIONS = YES;
				CLANG_ANALYZER_NONNULL = YES;
				CLANG_ANALYZER_NUMBER_OBJECT_CONVERSION = YES_AGGRESSIVE;
				CLANG_CXX_LANGUAGE_STANDARD = "gnu++20";
				CLANG_ENABLE_MODULES = YES;
				CLANG_ENABLE_OBJC_ARC = YES;
				CLANG_ENABLE_OBJC_WEAK = YES;
				CLANG_WARN_BLOCK_CAPTURE_AUTORELEASING = YES;
				CLANG_WARN_BOOL_CONVERSION = YES;
				CLANG_WARN_COMMA = YES;
				CLANG_WARN_CONSTANT_CONVERSION = YES;
				CLANG_WARN_DEPRECATED_OBJC_IMPLEMENTATIONS = YES;
				CLANG_WARN_DIRECT_OBJC_ISA_USAGE = YES_ERROR;
				CLANG_WARN_DOCUMENTATION_COMMENTS = YES;
				CLANG_WARN_EMPTY_BODY = YES;
				CLANG_WARN_ENUM_CONVERSION = YES;
				CLANG_WARN_INFINITE_RECURSION = YES;
				CLANG_WARN_INT_CONVERSION = YES;
				CLANG_WARN_NON_LITERAL_NULL_CONVERSION = YES;
				CLANG_WARN_OBJC_IMPLICIT_RETAIN_SELF = YES;
				CLANG_WARN_OBJC_LITERAL_CONVERSION = YES;
				CLANG_WARN_OBJC_ROOT_CLASS = YES_ERROR;
				CLANG_WARN_QUOTED_INCLUDE_IN_FRAMEWORK_HEADER = YES;
				CLANG_WARN_RANGE_LOOP_ANALYSIS = YES;
				CLANG_WARN_STRICT_PROTOTYPES = YES;
				CLANG_WARN_SUSPICIOUS_MOVE = YES;
				CLANG_WARN_UNGUARDED_AVAILABILITY = YES_AGGRESSIVE;
				CLANG_WARN_UNREACHABLE_CODE = YES;
				CLANG_WARN__DUPLICATE_METHOD_MATCH = YES;
				COPY_PHASE_STRIP = NO;
				DEBUG_INFORMATION_FORMAT = "dwarf-with-dsym";
				ENABLE_NS_ASSERTIONS = NO;
				ENABLE_STRICT_OBJC_MSGSEND = YES;
				ENABLE_USER_SCRIPT_SANDBOXING = YES;
				GCC_C_LANGUAGE_STANDARD = gnu17;
				GCC_NO_COMMON_BLOCKS = YES;
				GCC_WARN_64_TO_32_BIT_CONVERSION = YES;
				GCC_WARN_ABOUT_RETURN_TYPE = YES_ERROR;
				GCC_WARN_UNDECLARED_SELECTOR = YES;
				GCC_WARN_UNINITIALIZED_AUTOS = YES_AGGRESSIVE;
				GCC_WARN_UNUSED_FUNCTION = YES;
				GCC_WARN_UNUSED_VARIABLE = YES;
				IPHONEOS_DEPLOYMENT_TARGET = 17.0;
				LOCALIZATION_PREFERS_STRING_CATALOGS = YES;
				MTL_ENABLE_DEBUG_INFO = NO;
				MTL_FAST_MATH = YES;
				SDKROOT = iphoneos;
				SWIFT_COMPILATION_MODE = wholemodule;
				VALIDATE_PRODUCT = YES;
			};
			name = Release;
		};
		FBD9AFB32AFF00BF005F8620 /* Debug */ = {
			isa = XCBuildConfiguration;
			buildSettings = {
				ASSETCATALOG_COMPILER_APPICON_NAME = AppIcon;
				ASSETCATALOG_COMPILER_GLOBAL_ACCENT_COLOR_NAME = AccentColor;
				CODE_SIGN_STYLE = Automatic;
				CURRENT_PROJECT_VERSION = 1;
				DEVELOPMENT_ASSET_PATHS = "\"Ludi Boards/Preview Content\"";
				DEVELOPMENT_TEAM = 248J2GKL56;
				ENABLE_PREVIEWS = YES;
				GENERATE_INFOPLIST_FILE = YES;
				INFOPLIST_KEY_CFBundleDisplayName = SOL;
				INFOPLIST_KEY_LSApplicationCategoryType = "public.app-category.sports";
				INFOPLIST_KEY_UIApplicationSceneManifest_Generation = YES;
				INFOPLIST_KEY_UIApplicationSupportsIndirectInputEvents = YES;
				INFOPLIST_KEY_UILaunchScreen_Generation = YES;
				INFOPLIST_KEY_UISupportedInterfaceOrientations = "UIInterfaceOrientationLandscapeLeft UIInterfaceOrientationLandscapeRight";
				IPHONEOS_DEPLOYMENT_TARGET = 16.0;
				LD_RUNPATH_SEARCH_PATHS = (
					"$(inherited)",
					"@executable_path/Frameworks",
				);
				MARKETING_VERSION = 1.0;
				PRODUCT_BUNDLE_IDENTIFIER = io.ludi.boards;
				PRODUCT_NAME = "$(TARGET_NAME)";
				SWIFT_EMIT_LOC_STRINGS = YES;
				SWIFT_VERSION = 5.0;
				TARGETED_DEVICE_FAMILY = "1,2";
			};
			name = Debug;
		};
		FBD9AFB42AFF00BF005F8620 /* Release */ = {
			isa = XCBuildConfiguration;
			buildSettings = {
				ASSETCATALOG_COMPILER_APPICON_NAME = AppIcon;
				ASSETCATALOG_COMPILER_GLOBAL_ACCENT_COLOR_NAME = AccentColor;
				CODE_SIGN_STYLE = Automatic;
				CURRENT_PROJECT_VERSION = 1;
				DEVELOPMENT_ASSET_PATHS = "\"Ludi Boards/Preview Content\"";
				DEVELOPMENT_TEAM = 248J2GKL56;
				ENABLE_PREVIEWS = YES;
				GENERATE_INFOPLIST_FILE = YES;
				INFOPLIST_KEY_CFBundleDisplayName = SOL;
				INFOPLIST_KEY_LSApplicationCategoryType = "public.app-category.sports";
				INFOPLIST_KEY_UIApplicationSceneManifest_Generation = YES;
				INFOPLIST_KEY_UIApplicationSupportsIndirectInputEvents = YES;
				INFOPLIST_KEY_UILaunchScreen_Generation = YES;
				INFOPLIST_KEY_UISupportedInterfaceOrientations = "UIInterfaceOrientationLandscapeLeft UIInterfaceOrientationLandscapeRight";
				IPHONEOS_DEPLOYMENT_TARGET = 16.0;
				LD_RUNPATH_SEARCH_PATHS = (
					"$(inherited)",
					"@executable_path/Frameworks",
				);
				MARKETING_VERSION = 1.0;
				PRODUCT_BUNDLE_IDENTIFIER = io.ludi.boards;
				PRODUCT_NAME = "$(TARGET_NAME)";
				SWIFT_EMIT_LOC_STRINGS = YES;
				SWIFT_VERSION = 5.0;
				TARGETED_DEVICE_FAMILY = "1,2";
			};
			name = Release;
		};
/* End XCBuildConfiguration section */

/* Begin XCConfigurationList section */
		FBD9AF9F2AFF00BE005F8620 /* Build configuration list for PBXProject "Ludi Boards" */ = {
			isa = XCConfigurationList;
			buildConfigurations = (
				FBD9AFB02AFF00BF005F8620 /* Debug */,
				FBD9AFB12AFF00BF005F8620 /* Release */,
			);
			defaultConfigurationIsVisible = 0;
			defaultConfigurationName = Release;
		};
		FBD9AFB22AFF00BF005F8620 /* Build configuration list for PBXNativeTarget "Ludi Boards" */ = {
			isa = XCConfigurationList;
			buildConfigurations = (
				FBD9AFB32AFF00BF005F8620 /* Debug */,
				FBD9AFB42AFF00BF005F8620 /* Release */,
			);
			defaultConfigurationIsVisible = 0;
			defaultConfigurationName = Release;
		};
/* End XCConfigurationList section */

/* Begin XCRemoteSwiftPackageReference section */
		FB9F1E112B1538F500FD9078 /* XCRemoteSwiftPackageReference "realm-swift" */ = {
			isa = XCRemoteSwiftPackageReference;
			repositoryURL = "https://github.com/realm/realm-swift.git";
			requirement = {
				branch = master;
				kind = branch;
			};
		};
		FB9F1E162B15393A00FD9078 /* XCRemoteSwiftPackageReference "firebase-ios-sdk" */ = {
			isa = XCRemoteSwiftPackageReference;
			repositoryURL = "https://github.com/firebase/firebase-ios-sdk.git";
			requirement = {
				kind = upToNextMajorVersion;
				minimumVersion = 10.18.0;
			};
		};
/* End XCRemoteSwiftPackageReference section */

/* Begin XCSwiftPackageProductDependency section */
		FB9F1E122B1538F500FD9078 /* Realm */ = {
			isa = XCSwiftPackageProductDependency;
			package = FB9F1E112B1538F500FD9078 /* XCRemoteSwiftPackageReference "realm-swift" */;
			productName = Realm;
		};
		FB9F1E142B1538F500FD9078 /* RealmSwift */ = {
			isa = XCSwiftPackageProductDependency;
			package = FB9F1E112B1538F500FD9078 /* XCRemoteSwiftPackageReference "realm-swift" */;
			productName = RealmSwift;
		};
		FB9F1E172B15393A00FD9078 /* FirebaseAnalytics */ = {
			isa = XCSwiftPackageProductDependency;
			package = FB9F1E162B15393A00FD9078 /* XCRemoteSwiftPackageReference "firebase-ios-sdk" */;
			productName = FirebaseAnalytics;
		};
		FB9F1E192B15393A00FD9078 /* FirebaseAnalyticsOnDeviceConversion */ = {
			isa = XCSwiftPackageProductDependency;
			package = FB9F1E162B15393A00FD9078 /* XCRemoteSwiftPackageReference "firebase-ios-sdk" */;
			productName = FirebaseAnalyticsOnDeviceConversion;
		};
		FB9F1E1B2B15393A00FD9078 /* FirebaseAnalyticsSwift */ = {
			isa = XCSwiftPackageProductDependency;
			package = FB9F1E162B15393A00FD9078 /* XCRemoteSwiftPackageReference "firebase-ios-sdk" */;
			productName = FirebaseAnalyticsSwift;
		};
		FB9F1E1D2B15393A00FD9078 /* FirebaseAnalyticsWithoutAdIdSupport */ = {
			isa = XCSwiftPackageProductDependency;
			package = FB9F1E162B15393A00FD9078 /* XCRemoteSwiftPackageReference "firebase-ios-sdk" */;
			productName = FirebaseAnalyticsWithoutAdIdSupport;
		};
		FB9F1E1F2B15393A00FD9078 /* FirebaseAppCheck */ = {
			isa = XCSwiftPackageProductDependency;
			package = FB9F1E162B15393A00FD9078 /* XCRemoteSwiftPackageReference "firebase-ios-sdk" */;
			productName = FirebaseAppCheck;
		};
		FB9F1E212B15393A00FD9078 /* FirebaseAppDistribution-Beta */ = {
			isa = XCSwiftPackageProductDependency;
			package = FB9F1E162B15393A00FD9078 /* XCRemoteSwiftPackageReference "firebase-ios-sdk" */;
			productName = "FirebaseAppDistribution-Beta";
		};
		FB9F1E232B15393A00FD9078 /* FirebaseAuth */ = {
			isa = XCSwiftPackageProductDependency;
			package = FB9F1E162B15393A00FD9078 /* XCRemoteSwiftPackageReference "firebase-ios-sdk" */;
			productName = FirebaseAuth;
		};
		FB9F1E252B15393A00FD9078 /* FirebaseAuthCombine-Community */ = {
			isa = XCSwiftPackageProductDependency;
			package = FB9F1E162B15393A00FD9078 /* XCRemoteSwiftPackageReference "firebase-ios-sdk" */;
			productName = "FirebaseAuthCombine-Community";
		};
		FB9F1E272B15393A00FD9078 /* FirebaseCrashlytics */ = {
			isa = XCSwiftPackageProductDependency;
			package = FB9F1E162B15393A00FD9078 /* XCRemoteSwiftPackageReference "firebase-ios-sdk" */;
			productName = FirebaseCrashlytics;
		};
		FB9F1E292B15393A00FD9078 /* FirebaseDatabase */ = {
			isa = XCSwiftPackageProductDependency;
			package = FB9F1E162B15393A00FD9078 /* XCRemoteSwiftPackageReference "firebase-ios-sdk" */;
			productName = FirebaseDatabase;
		};
		FB9F1E2B2B15393A00FD9078 /* FirebaseDatabaseSwift */ = {
			isa = XCSwiftPackageProductDependency;
			package = FB9F1E162B15393A00FD9078 /* XCRemoteSwiftPackageReference "firebase-ios-sdk" */;
			productName = FirebaseDatabaseSwift;
		};
		FB9F1E2D2B15393A00FD9078 /* FirebaseDynamicLinks */ = {
			isa = XCSwiftPackageProductDependency;
			package = FB9F1E162B15393A00FD9078 /* XCRemoteSwiftPackageReference "firebase-ios-sdk" */;
			productName = FirebaseDynamicLinks;
		};
		FB9F1E2F2B15393A00FD9078 /* FirebaseFirestore */ = {
			isa = XCSwiftPackageProductDependency;
			package = FB9F1E162B15393A00FD9078 /* XCRemoteSwiftPackageReference "firebase-ios-sdk" */;
			productName = FirebaseFirestore;
		};
		FB9F1E312B15393A00FD9078 /* FirebaseFirestoreCombine-Community */ = {
			isa = XCSwiftPackageProductDependency;
			package = FB9F1E162B15393A00FD9078 /* XCRemoteSwiftPackageReference "firebase-ios-sdk" */;
			productName = "FirebaseFirestoreCombine-Community";
		};
		FB9F1E332B15393A00FD9078 /* FirebaseFirestoreSwift */ = {
			isa = XCSwiftPackageProductDependency;
			package = FB9F1E162B15393A00FD9078 /* XCRemoteSwiftPackageReference "firebase-ios-sdk" */;
			productName = FirebaseFirestoreSwift;
		};
		FB9F1E352B15393A00FD9078 /* FirebaseInAppMessaging-Beta */ = {
			isa = XCSwiftPackageProductDependency;
			package = FB9F1E162B15393A00FD9078 /* XCRemoteSwiftPackageReference "firebase-ios-sdk" */;
			productName = "FirebaseInAppMessaging-Beta";
		};
		FB9F1E372B15393A00FD9078 /* FirebaseInAppMessagingSwift-Beta */ = {
			isa = XCSwiftPackageProductDependency;
			package = FB9F1E162B15393A00FD9078 /* XCRemoteSwiftPackageReference "firebase-ios-sdk" */;
			productName = "FirebaseInAppMessagingSwift-Beta";
		};
		FB9F1E392B15393A00FD9078 /* FirebaseInstallations */ = {
			isa = XCSwiftPackageProductDependency;
			package = FB9F1E162B15393A00FD9078 /* XCRemoteSwiftPackageReference "firebase-ios-sdk" */;
			productName = FirebaseInstallations;
		};
		FB9F1E3B2B15393A00FD9078 /* FirebaseStorage */ = {
			isa = XCSwiftPackageProductDependency;
			package = FB9F1E162B15393A00FD9078 /* XCRemoteSwiftPackageReference "firebase-ios-sdk" */;
			productName = FirebaseStorage;
		};
		FB9F1E3D2B15393A00FD9078 /* FirebaseStorageCombine-Community */ = {
			isa = XCSwiftPackageProductDependency;
			package = FB9F1E162B15393A00FD9078 /* XCRemoteSwiftPackageReference "firebase-ios-sdk" */;
			productName = "FirebaseStorageCombine-Community";
		};
/* End XCSwiftPackageProductDependency section */
	};
	rootObject = FBD9AF9C2AFF00BE005F8620 /* Project object */;
}
